// !$*UTF8*$!
{
	archiveVersion = 1;
	classes = {
	};
	objectVersion = 77;
	objects = {

/* Begin PBXContainerItemProxy section */
		DAE16ACA2CBEB6710082A594 /* PBXContainerItemProxy */ = {
			isa = PBXContainerItemProxy;
			containerPortal = DAE16AAB2CBEB6700082A594 /* Project object */;
			proxyType = 1;
			remoteGlobalIDString = DAE16AB22CBEB6700082A594;
			remoteInfo = CoordinatesApp;
		};
		DAE16AD42CBEB6710082A594 /* PBXContainerItemProxy */ = {
			isa = PBXContainerItemProxy;
			containerPortal = DAE16AAB2CBEB6700082A594 /* Project object */;
			proxyType = 1;
			remoteGlobalIDString = DAE16AB22CBEB6700082A594;
			remoteInfo = CoordinatesApp;
		};
/* End PBXContainerItemProxy section */

/* Begin PBXFileReference section */
		DAE16AB32CBEB6700082A594 /* CoordinatesApp.app */ = {isa = PBXFileReference; explicitFileType = wrapper.application; includeInIndex = 0; path = CoordinatesApp.app; sourceTree = BUILT_PRODUCTS_DIR; };
		DAE16AC92CBEB6710082A594 /* CoordinatesAppTests.xctest */ = {isa = PBXFileReference; explicitFileType = wrapper.cfbundle; includeInIndex = 0; path = CoordinatesAppTests.xctest; sourceTree = BUILT_PRODUCTS_DIR; };
		DAE16AD32CBEB6710082A594 /* CoordinatesAppUITests.xctest */ = {isa = PBXFileReference; explicitFileType = wrapper.cfbundle; includeInIndex = 0; path = CoordinatesAppUITests.xctest; sourceTree = BUILT_PRODUCTS_DIR; };
/* End PBXFileReference section */

/* Begin PBXFileSystemSynchronizedBuildFileExceptionSet section */
		DAE16ADB2CBEB6710082A594 /* Exceptions for "CoordinatesApp" folder in "CoordinatesApp" target */ = {
			isa = PBXFileSystemSynchronizedBuildFileExceptionSet;
			membershipExceptions = (
				Info.plist,
			);
			target = DAE16AB22CBEB6700082A594 /* CoordinatesApp */;
		};
/* End PBXFileSystemSynchronizedBuildFileExceptionSet section */

/* Begin PBXFileSystemSynchronizedRootGroup section */
		DAE16AB52CBEB6700082A594 /* CoordinatesApp */ = {
			isa = PBXFileSystemSynchronizedRootGroup;
			exceptions = (
				DAE16ADB2CBEB6710082A594 /* Exceptions for "CoordinatesApp" folder in "CoordinatesApp" target */,
			);
			path = CoordinatesApp;
			sourceTree = "<group>";
		};
		DAE16ACC2CBEB6710082A594 /* CoordinatesAppTests */ = {
			isa = PBXFileSystemSynchronizedRootGroup;
			path = CoordinatesAppTests;
			sourceTree = "<group>";
		};
		DAE16AD62CBEB6710082A594 /* CoordinatesAppUITests */ = {
			isa = PBXFileSystemSynchronizedRootGroup;
			path = CoordinatesAppUITests;
			sourceTree = "<group>";
		};
/* End PBXFileSystemSynchronizedRootGroup section */

/* Begin PBXFrameworksBuildPhase section */
		DAE16AB02CBEB6700082A594 /* Frameworks */ = {
			isa = PBXFrameworksBuildPhase;
			buildActionMask = 2147483647;
			files = (
			);
			runOnlyForDeploymentPostprocessing = 0;
		};
		DAE16AC62CBEB6710082A594 /* Frameworks */ = {
			isa = PBXFrameworksBuildPhase;
			buildActionMask = 2147483647;
			files = (
			);
			runOnlyForDeploymentPostprocessing = 0;
		};
		DAE16AD02CBEB6710082A594 /* Frameworks */ = {
			isa = PBXFrameworksBuildPhase;
			buildActionMask = 2147483647;
			files = (
			);
			runOnlyForDeploymentPostprocessing = 0;
		};
/* End PBXFrameworksBuildPhase section */

/* Begin PBXGroup section */
		DAE16AAA2CBEB6700082A594 = {
			isa = PBXGroup;
			children = (
				DAE16AB52CBEB6700082A594 /* CoordinatesApp */,
				DAE16ACC2CBEB6710082A594 /* CoordinatesAppTests */,
				DAE16AD62CBEB6710082A594 /* CoordinatesAppUITests */,
				DAE16AB42CBEB6700082A594 /* Products */,
			);
			sourceTree = "<group>";
		};
		DAE16AB42CBEB6700082A594 /* Products */ = {
			isa = PBXGroup;
			children = (
				DAE16AB32CBEB6700082A594 /* CoordinatesApp.app */,
				DAE16AC92CBEB6710082A594 /* CoordinatesAppTests.xctest */,
				DAE16AD32CBEB6710082A594 /* CoordinatesAppUITests.xctest */,
			);
			name = Products;
			sourceTree = "<group>";
		};
/* End PBXGroup section */

/* Begin PBXNativeTarget section */
		DAE16AB22CBEB6700082A594 /* CoordinatesApp */ = {
			isa = PBXNativeTarget;
			buildConfigurationList = DAE16ADC2CBEB6710082A594 /* Build configuration list for PBXNativeTarget "CoordinatesApp" */;
			buildPhases = (
				DAE16AAF2CBEB6700082A594 /* Sources */,
				DAE16AB02CBEB6700082A594 /* Frameworks */,
				DAE16AB12CBEB6700082A594 /* Resources */,
			);
			buildRules = (
			);
			dependencies = (
			);
			fileSystemSynchronizedGroups = (
				DAE16AB52CBEB6700082A594 /* CoordinatesApp */,
			);
			name = CoordinatesApp;
			packageProductDependencies = (
			);
			productName = CoordinatesApp;
			productReference = DAE16AB32CBEB6700082A594 /* CoordinatesApp.app */;
			productType = "com.apple.product-type.application";
		};
		DAE16AC82CBEB6710082A594 /* CoordinatesAppTests */ = {
			isa = PBXNativeTarget;
			buildConfigurationList = DAE16AE12CBEB6710082A594 /* Build configuration list for PBXNativeTarget "CoordinatesAppTests" */;
			buildPhases = (
				DAE16AC52CBEB6710082A594 /* Sources */,
				DAE16AC62CBEB6710082A594 /* Frameworks */,
				DAE16AC72CBEB6710082A594 /* Resources */,
			);
			buildRules = (
			);
			dependencies = (
				DAE16ACB2CBEB6710082A594 /* PBXTargetDependency */,
			);
			fileSystemSynchronizedGroups = (
				DAE16ACC2CBEB6710082A594 /* CoordinatesAppTests */,
			);
			name = CoordinatesAppTests;
			packageProductDependencies = (
			);
			productName = CoordinatesAppTests;
			productReference = DAE16AC92CBEB6710082A594 /* CoordinatesAppTests.xctest */;
			productType = "com.apple.product-type.bundle.unit-test";
		};
		DAE16AD22CBEB6710082A594 /* CoordinatesAppUITests */ = {
			isa = PBXNativeTarget;
			buildConfigurationList = DAE16AE42CBEB6710082A594 /* Build configuration list for PBXNativeTarget "CoordinatesAppUITests" */;
			buildPhases = (
				DAE16ACF2CBEB6710082A594 /* Sources */,
				DAE16AD02CBEB6710082A594 /* Frameworks */,
				DAE16AD12CBEB6710082A594 /* Resources */,
			);
			buildRules = (
			);
			dependencies = (
				DAE16AD52CBEB6710082A594 /* PBXTargetDependency */,
			);
			fileSystemSynchronizedGroups = (
				DAE16AD62CBEB6710082A594 /* CoordinatesAppUITests */,
			);
			name = CoordinatesAppUITests;
			packageProductDependencies = (
			);
			productName = CoordinatesAppUITests;
			productReference = DAE16AD32CBEB6710082A594 /* CoordinatesAppUITests.xctest */;
			productType = "com.apple.product-type.bundle.ui-testing";
		};
/* End PBXNativeTarget section */

/* Begin PBXProject section */
		DAE16AAB2CBEB6700082A594 /* Project object */ = {
			isa = PBXProject;
			attributes = {
				BuildIndependentTargetsInParallel = 1;
				LastSwiftUpdateCheck = 1600;
				LastUpgradeCheck = 1600;
				TargetAttributes = {
					DAE16AB22CBEB6700082A594 = {
						CreatedOnToolsVersion = 16.0;
					};
					DAE16AC82CBEB6710082A594 = {
						CreatedOnToolsVersion = 16.0;
						TestTargetID = DAE16AB22CBEB6700082A594;
					};
					DAE16AD22CBEB6710082A594 = {
						CreatedOnToolsVersion = 16.0;
						TestTargetID = DAE16AB22CBEB6700082A594;
					};
				};
			};
			buildConfigurationList = DAE16AAE2CBEB6700082A594 /* Build configuration list for PBXProject "CoordinatesApp" */;
			developmentRegion = en;
			hasScannedForEncodings = 0;
			knownRegions = (
				en,
				Base,
			);
			mainGroup = DAE16AAA2CBEB6700082A594;
			minimizedProjectReferenceProxies = 1;
			preferredProjectObjectVersion = 77;
			productRefGroup = DAE16AB42CBEB6700082A594 /* Products */;
			projectDirPath = "";
			projectRoot = "";
			targets = (
				DAE16AB22CBEB6700082A594 /* CoordinatesApp */,
				DAE16AC82CBEB6710082A594 /* CoordinatesAppTests */,
				DAE16AD22CBEB6710082A594 /* CoordinatesAppUITests */,
			);
		};
/* End PBXProject section */

/* Begin PBXResourcesBuildPhase section */
		DAE16AB12CBEB6700082A594 /* Resources */ = {
			isa = PBXResourcesBuildPhase;
			buildActionMask = 2147483647;
			files = (
			);
			runOnlyForDeploymentPostprocessing = 0;
		};
		DAE16AC72CBEB6710082A594 /* Resources */ = {
			isa = PBXResourcesBuildPhase;
			buildActionMask = 2147483647;
			files = (
			);
			runOnlyForDeploymentPostprocessing = 0;
		};
		DAE16AD12CBEB6710082A594 /* Resources */ = {
			isa = PBXResourcesBuildPhase;
			buildActionMask = 2147483647;
			files = (
			);
			runOnlyForDeploymentPostprocessing = 0;
		};
/* End PBXResourcesBuildPhase section */

/* Begin PBXSourcesBuildPhase section */
		DAE16AAF2CBEB6700082A594 /* Sources */ = {
			isa = PBXSourcesBuildPhase;
			buildActionMask = 2147483647;
			files = (
			);
			runOnlyForDeploymentPostprocessing = 0;
		};
		DAE16AC52CBEB6710082A594 /* Sources */ = {
			isa = PBXSourcesBuildPhase;
			buildActionMask = 2147483647;
			files = (
			);
			runOnlyForDeploymentPostprocessing = 0;
		};
		DAE16ACF2CBEB6710082A594 /* Sources */ = {
			isa = PBXSourcesBuildPhase;
			buildActionMask = 2147483647;
			files = (
			);
			runOnlyForDeploymentPostprocessing = 0;
		};
/* End PBXSourcesBuildPhase section */

/* Begin PBXTargetDependency section */
		DAE16ACB2CBEB6710082A594 /* PBXTargetDependency */ = {
			isa = PBXTargetDependency;
			target = DAE16AB22CBEB6700082A594 /* CoordinatesApp */;
			targetProxy = DAE16ACA2CBEB6710082A594 /* PBXContainerItemProxy */;
		};
		DAE16AD52CBEB6710082A594 /* PBXTargetDependency */ = {
			isa = PBXTargetDependency;
			target = DAE16AB22CBEB6700082A594 /* CoordinatesApp */;
			targetProxy = DAE16AD42CBEB6710082A594 /* PBXContainerItemProxy */;
		};
/* End PBXTargetDependency section */

/* Begin XCBuildConfiguration section */
		DAE16ADD2CBEB6710082A594 /* Debug */ = {
			isa = XCBuildConfiguration;
			buildSettings = {
				ASSETCATALOG_COMPILER_APPICON_NAME = AppIcon;
				ASSETCATALOG_COMPILER_GLOBAL_ACCENT_COLOR_NAME = AccentColor;
				CODE_SIGN_STYLE = Automatic;
				CURRENT_PROJECT_VERSION = 1;
				GENERATE_INFOPLIST_FILE = YES;
				INFOPLIST_FILE = CoordinatesApp/Info.plist;
				INFOPLIST_KEY_UIApplicationSupportsIndirectInputEvents = YES;
				INFOPLIST_KEY_UILaunchStoryboardName = LaunchScreen;
				INFOPLIST_KEY_UIMainStoryboardFile = Main;
				INFOPLIST_KEY_UISupportedInterfaceOrientations_iPad = "UIInterfaceOrientationPortrait UIInterfaceOrientationPortraitUpsideDown UIInterfaceOrientationLandscapeLeft UIInterfaceOrientationLandscapeRight";
				INFOPLIST_KEY_UISupportedInterfaceOrientations_iPhone = "UIInterfaceOrientationPortrait UIInterfaceOrientationLandscapeLeft UIInterfaceOrientationLandscapeRight";
				LD_RUNPATH_SEARCH_PATHS = (
					"$(inherited)",
					"@executable_path/Frameworks",
				);
				MARKETING_VERSION = 1.0;
				PRODUCT_BUNDLE_IDENTIFIER = nwmsu.CoordinatesApp;
				PRODUCT_NAME = "$(TARGET_NAME)";
				SWIFT_EMIT_LOC_STRINGS = YES;
				SWIFT_VERSION = 5.0;
				TARGETED_DEVICE_FAMILY = "1,2";
			};
			name = Debug;
		};
		DAE16ADE2CBEB6710082A594 /* Release */ = {
			isa = XCBuildConfiguration;
			buildSettings = {
				ASSETCATALOG_COMPILER_APPICON_NAME = AppIcon;
				ASSETCATALOG_COMPILER_GLOBAL_ACCENT_COLOR_NAME = AccentColor;
				CODE_SIGN_STYLE = Automatic;
				CURRENT_PROJECT_VERSION = 1;
				GENERATE_INFOPLIST_FILE = YES;
				INFOPLIST_FILE = CoordinatesApp/Info.plist;
				INFOPLIST_KEY_UIApplicationSupportsIndirectInputEvents = YES;
				INFOPLIST_KEY_UILaunchStoryboardName = LaunchScreen;
				INFOPLIST_KEY_UIMainStoryboardFile = Main;
				INFOPLIST_KEY_UISupportedInterfaceOrientations_iPad = "UIInterfaceOrientationPortrait UIInterfaceOrientationPortraitUpsideDown UIInterfaceOrientationLandscapeLeft UIInterfaceOrientationLandscapeRight";
				INFOPLIST_KEY_UISupportedInterfaceOrientations_iPhone = "UIInterfaceOrientationPortrait UIInterfaceOrientationLandscapeLeft UIInterfaceOrientationLandscapeRight";
				LD_RUNPATH_SEARCH_PATHS = (
					"$(inherited)",
					"@executable_path/Frameworks",
				);
				MARKETING_VERSION = 1.0;
				PRODUCT_BUNDLE_IDENTIFIER = nwmsu.CoordinatesApp;
				PRODUCT_NAME = "$(TARGET_NAME)";
				SWIFT_EMIT_LOC_STRINGS = YES;
				SWIFT_VERSION = 5.0;
				TARGETED_DEVICE_FAMILY = "1,2";
			};
			name = Release;
		};
		DAE16ADF2CBEB6710082A594 /* Debug */ = {
			isa = XCBuildConfiguration;
			buildSettings = {
				ALWAYS_SEARCH_USER_PATHS = NO;
				ASSETCATALOG_COMPILER_GENERATE_SWIFT_ASSET_SYMBOL_EXTENSIONS = YES;
				CLANG_ANALYZER_NONNULL = YES;
				CLANG_ANALYZER_NUMBER_OBJECT_CONVERSION = YES_AGGRESSIVE;
				CLANG_CXX_LANGUAGE_STANDARD = "gnu++20";
				CLANG_ENABLE_MODULES = YES;
				CLANG_ENABLE_OBJC_ARC = YES;
				CLANG_ENABLE_OBJC_WEAK = YES;
				CLANG_WARN_BLOCK_CAPTURE_AUTORELEASING = YES;
				CLANG_WARN_BOOL_CONVERSION = YES;
				CLANG_WARN_COMMA = YES;
				CLANG_WARN_CONSTANT_CONVERSION = YES;
				CLANG_WARN_DEPRECATED_OBJC_IMPLEMENTATIONS = YES;
				CLANG_WARN_DIRECT_OBJC_ISA_USAGE = YES_ERROR;
				CLANG_WARN_DOCUMENTATION_COMMENTS = YES;
				CLANG_WARN_EMPTY_BODY = YES;
				CLANG_WARN_ENUM_CONVERSION = YES;
				CLANG_WARN_INFINITE_RECURSION = YES;
				CLANG_WARN_INT_CONVERSION = YES;
				CLANG_WARN_NON_LITERAL_NULL_CONVERSION = YES;
				CLANG_WARN_OBJC_IMPLICIT_RETAIN_SELF = YES;
				CLANG_WARN_OBJC_LITERAL_CONVERSION = YES;
				CLANG_WARN_OBJC_ROOT_CLASS = YES_ERROR;
				CLANG_WARN_QUOTED_INCLUDE_IN_FRAMEWORK_HEADER = YES;
				CLANG_WARN_RANGE_LOOP_ANALYSIS = YES;
				CLANG_WARN_STRICT_PROTOTYPES = YES;
				CLANG_WARN_SUSPICIOUS_MOVE = YES;
				CLANG_WARN_UNGUARDED_AVAILABILITY = YES_AGGRESSIVE;
				CLANG_WARN_UNREACHABLE_CODE = YES;
				CLANG_WARN__DUPLICATE_METHOD_MATCH = YES;
				COPY_PHASE_STRIP = NO;
				DEBUG_INFORMATION_FORMAT = dwarf;
				ENABLE_STRICT_OBJC_MSGSEND = YES;
				ENABLE_TESTABILITY = YES;
				ENABLE_USER_SCRIPT_SANDBOXING = YES;
				GCC_C_LANGUAGE_STANDARD = gnu17;
				GCC_DYNAMIC_NO_PIC = NO;
				GCC_NO_COMMON_BLOCKS = YES;
				GCC_OPTIMIZATION_LEVEL = 0;
				GCC_PREPROCESSOR_DEFINITIONS = (
					"DEBUG=1",
					"$(inherited)",
				);
				GCC_WARN_64_TO_32_BIT_CONVERSION = YES;
				GCC_WARN_ABOUT_RETURN_TYPE = YES_ERROR;
				GCC_WARN_UNDECLARED_SELECTOR = YES;
				GCC_WARN_UNINITIALIZED_AUTOS = YES_AGGRESSIVE;
				GCC_WARN_UNUSED_FUNCTION = YES;
				GCC_WARN_UNUSED_VARIABLE = YES;
				IPHONEOS_DEPLOYMENT_TARGET = 18.0;
				LOCALIZATION_PREFERS_STRING_CATALOGS = YES;
				MTL_ENABLE_DEBUG_INFO = INCLUDE_SOURCE;
				MTL_FAST_MATH = YES;
				ONLY_ACTIVE_ARCH = YES;
				SDKROOT = iphoneos;
				SWIFT_ACTIVE_COMPILATION_CONDITIONS = "DEBUG $(inherited)";
				SWIFT_OPTIMIZATION_LEVEL = "-Onone";
			};
			name = Debug;
		};
		DAE16AE02CBEB6710082A594 /* Release */ = {
			isa = XCBuildConfiguration;
			buildSettings = {
				ALWAYS_SEARCH_USER_PATHS = NO;
				ASSETCATALOG_COMPILER_GENERATE_SWIFT_ASSET_SYMBOL_EXTENSIONS = YES;
				CLANG_ANALYZER_NONNULL = YES;
				CLANG_ANALYZER_NUMBER_OBJECT_CONVERSION = YES_AGGRESSIVE;
				CLANG_CXX_LANGUAGE_STANDARD = "gnu++20";
				CLANG_ENABLE_MODULES = YES;
				CLANG_ENABLE_OBJC_ARC = YES;
				CLANG_ENABLE_OBJC_WEAK = YES;
				CLANG_WARN_BLOCK_CAPTURE_AUTORELEASING = YES;
				CLANG_WARN_BOOL_CONVERSION = YES;
				CLANG_WARN_COMMA = YES;
				CLANG_WARN_CONSTANT_CONVERSION = YES;
				CLANG_WARN_DEPRECATED_OBJC_IMPLEMENTATIONS = YES;
				CLANG_WARN_DIRECT_OBJC_ISA_USAGE = YES_ERROR;
				CLANG_WARN_DOCUMENTATION_COMMENTS = YES;
				CLANG_WARN_EMPTY_BODY = YES;
				CLANG_WARN_ENUM_CONVERSION = YES;
				CLANG_WARN_INFINITE_RECURSION = YES;
				CLANG_WARN_INT_CONVERSION = YES;
				CLANG_WARN_NON_LITERAL_NULL_CONVERSION = YES;
				CLANG_WARN_OBJC_IMPLICIT_RETAIN_SELF = YES;
				CLANG_WARN_OBJC_LITERAL_CONVERSION = YES;
				CLANG_WARN_OBJC_ROOT_CLASS = YES_ERROR;
				CLANG_WARN_QUOTED_INCLUDE_IN_FRAMEWORK_HEADER = YES;
				CLANG_WARN_RANGE_LOOP_ANALYSIS = YES;
				CLANG_WARN_STRICT_PROTOTYPES = YES;
				CLANG_WARN_SUSPICIOUS_MOVE = YES;
				CLANG_WARN_UNGUARDED_AVAILABILITY = YES_AGGRESSIVE;
				CLANG_WARN_UNREACHABLE_CODE = YES;
				CLANG_WARN__DUPLICATE_METHOD_MATCH = YES;
				COPY_PHASE_STRIP = NO;
				DEBUG_INFORMATION_FORMAT = "dwarf-with-dsym";
				ENABLE_NS_ASSERTIONS = NO;
				ENABLE_STRICT_OBJC_MSGSEND = YES;
				ENABLE_USER_SCRIPT_SANDBOXING = YES;
				GCC_C_LANGUAGE_STANDARD = gnu17;
				GCC_NO_COMMON_BLOCKS = YES;
				GCC_WARN_64_TO_32_BIT_CONVERSION = YES;
				GCC_WARN_ABOUT_RETURN_TYPE = YES_ERROR;
				GCC_WARN_UNDECLARED_SELECTOR = YES;
				GCC_WARN_UNINITIALIZED_AUTOS = YES_AGGRESSIVE;
				GCC_WARN_UNUSED_FUNCTION = YES;
				GCC_WARN_UNUSED_VARIABLE = YES;
				IPHONEOS_DEPLOYMENT_TARGET = 18.0;
				LOCALIZATION_PREFERS_STRING_CATALOGS = YES;
				MTL_ENABLE_DEBUG_INFO = NO;
				MTL_FAST_MATH = YES;
				SDKROOT = iphoneos;
				SWIFT_COMPILATION_MODE = wholemodule;
				VALIDATE_PRODUCT = YES;
			};
			name = Release;
		};
		DAE16AE22CBEB6710082A594 /* Debug */ = {
			isa = XCBuildConfiguration;
			buildSettings = {
				BUNDLE_LOADER = "$(TEST_HOST)";
				CODE_SIGN_STYLE = Automatic;
				CURRENT_PROJECT_VERSION = 1;
				GENERATE_INFOPLIST_FILE = YES;
				IPHONEOS_DEPLOYMENT_TARGET = 18.0;
				MARKETING_VERSION = 1.0;
				PRODUCT_BUNDLE_IDENTIFIER = nwmsu.CoordinatesAppTests;
				PRODUCT_NAME = "$(TARGET_NAME)";
				SWIFT_EMIT_LOC_STRINGS = NO;
				SWIFT_VERSION = 5.0;
				TARGETED_DEVICE_FAMILY = "1,2";
				TEST_HOST = "$(BUILT_PRODUCTS_DIR)/CoordinatesApp.app/$(BUNDLE_EXECUTABLE_FOLDER_PATH)/CoordinatesApp";
			};
			name = Debug;
		};
		DAE16AE32CBEB6710082A594 /* Release */ = {
			isa = XCBuildConfiguration;
			buildSettings = {
				BUNDLE_LOADER = "$(TEST_HOST)";
				CODE_SIGN_STYLE = Automatic;
				CURRENT_PROJECT_VERSION = 1;
				GENERATE_INFOPLIST_FILE = YES;
				IPHONEOS_DEPLOYMENT_TARGET = 18.0;
				MARKETING_VERSION = 1.0;
				PRODUCT_BUNDLE_IDENTIFIER = nwmsu.CoordinatesAppTests;
				PRODUCT_NAME = "$(TARGET_NAME)";
				SWIFT_EMIT_LOC_STRINGS = NO;
				SWIFT_VERSION = 5.0;
				TARGETED_DEVICE_FAMILY = "1,2";
				TEST_HOST = "$(BUILT_PRODUCTS_DIR)/CoordinatesApp.app/$(BUNDLE_EXECUTABLE_FOLDER_PATH)/CoordinatesApp";
			};
			name = Release;
		};
		DAE16AE52CBEB6710082A594 /* Debug */ = {
			isa = XCBuildConfiguration;
			buildSettings = {
				CODE_SIGN_STYLE = Automatic;
				CURRENT_PROJECT_VERSION = 1;
				GENERATE_INFOPLIST_FILE = YES;
				MARKETING_VERSION = 1.0;
				PRODUCT_BUNDLE_IDENTIFIER = nwmsu.CoordinatesAppUITests;
				PRODUCT_NAME = "$(TARGET_NAME)";
				SWIFT_EMIT_LOC_STRINGS = NO;
				SWIFT_VERSION = 5.0;
				TARGETED_DEVICE_FAMILY = "1,2";
				TEST_TARGET_NAME = CoordinatesApp;
			};
			name = Debug;
		};
		DAE16AE62CBEB6710082A594 /* Release */ = {
			isa = XCBuildConfiguration;
			buildSettings = {
				CODE_SIGN_STYLE = Automatic;
				CURRENT_PROJECT_VERSION = 1;
				GENERATE_INFOPLIST_FILE = YES;
				MARKETING_VERSION = 1.0;
				PRODUCT_BUNDLE_IDENTIFIER = nwmsu.CoordinatesAppUITests;
				PRODUCT_NAME = "$(TARGET_NAME)";
				SWIFT_EMIT_LOC_STRINGS = NO;
				SWIFT_VERSION = 5.0;
				TARGETED_DEVICE_FAMILY = "1,2";
				TEST_TARGET_NAME = CoordinatesApp;
			};
			name = Release;
		};
/* End XCBuildConfiguration section */

/* Begin XCConfigurationList section */
		DAE16AAE2CBEB6700082A594 /* Build configuration list for PBXProject "CoordinatesApp" */ = {
			isa = XCConfigurationList;
			buildConfigurations = (
				DAE16ADF2CBEB6710082A594 /* Debug */,
				DAE16AE02CBEB6710082A594 /* Release */,
			);
			defaultConfigurationIsVisible = 0;
			defaultConfigurationName = Release;
		};
		DAE16ADC2CBEB6710082A594 /* Build configuration list for PBXNativeTarget "CoordinatesApp" */ = {
			isa = XCConfigurationList;
			buildConfigurations = (
				DAE16ADD2CBEB6710082A594 /* Debug */,
				DAE16ADE2CBEB6710082A594 /* Release */,
			);
			defaultConfigurationIsVisible = 0;
			defaultConfigurationName = Release;
		};
		DAE16AE12CBEB6710082A594 /* Build configuration list for PBXNativeTarget "CoordinatesAppTests" */ = {
			isa = XCConfigurationList;
			buildConfigurations = (
				DAE16AE22CBEB6710082A594 /* Debug */,
				DAE16AE32CBEB6710082A594 /* Release */,
			);
			defaultConfigurationIsVisible = 0;
			defaultConfigurationName = Release;
		};
		DAE16AE42CBEB6710082A594 /* Build configuration list for PBXNativeTarget "CoordinatesAppUITests" */ = {
			isa = XCConfigurationList;
			buildConfigurations = (
				DAE16AE52CBEB6710082A594 /* Debug */,
				DAE16AE62CBEB6710082A594 /* Release */,
			);
			defaultConfigurationIsVisible = 0;
			defaultConfigurationName = Release;
		};
/* End XCConfigurationList section */
	};
	rootObject = DAE16AAB2CBEB6700082A594 /* Project object */;
}
