// !$*UTF8*$!
{
	archiveVersion = 1;
	classes = {
	};
	objectVersion = 77;
	objects = {

/* Begin PBXContainerItemProxy section */
		DAC9BC6F2CB81F710098CAB0 /* PBXContainerItemProxy */ = {
			isa = PBXContainerItemProxy;
			containerPortal = DAC9BC502CB81F700098CAB0 /* Project object */;
			proxyType = 1;
			remoteGlobalIDString = DAC9BC572CB81F700098CAB0;
			remoteInfo = WordGuessApp;
		};
		DAC9BC792CB81F710098CAB0 /* PBXContainerItemProxy */ = {
			isa = PBXContainerItemProxy;
			containerPortal = DAC9BC502CB81F700098CAB0 /* Project object */;
			proxyType = 1;
			remoteGlobalIDString = DAC9BC572CB81F700098CAB0;
			remoteInfo = WordGuessApp;
		};
/* End PBXContainerItemProxy section */

/* Begin PBXFileReference section */
		DAC9BC582CB81F700098CAB0 /* WordGuessApp.app */ = {isa = PBXFileReference; explicitFileType = wrapper.application; includeInIndex = 0; path = WordGuessApp.app; sourceTree = BUILT_PRODUCTS_DIR; };
		DAC9BC6E2CB81F710098CAB0 /* WordGuessAppTests.xctest */ = {isa = PBXFileReference; explicitFileType = wrapper.cfbundle; includeInIndex = 0; path = WordGuessAppTests.xctest; sourceTree = BUILT_PRODUCTS_DIR; };
		DAC9BC782CB81F710098CAB0 /* WordGuessAppUITests.xctest */ = {isa = PBXFileReference; explicitFileType = wrapper.cfbundle; includeInIndex = 0; path = WordGuessAppUITests.xctest; sourceTree = BUILT_PRODUCTS_DIR; };
/* End PBXFileReference section */

/* Begin PBXFileSystemSynchronizedBuildFileExceptionSet section */
		DAC9BC802CB81F710098CAB0 /* Exceptions for "WordGuessApp" folder in "WordGuessApp" target */ = {
			isa = PBXFileSystemSynchronizedBuildFileExceptionSet;
			membershipExceptions = (
				Info.plist,
			);
			target = DAC9BC572CB81F700098CAB0 /* WordGuessApp */;
		};
/* End PBXFileSystemSynchronizedBuildFileExceptionSet section */

/* Begin PBXFileSystemSynchronizedRootGroup section */
		DAC9BC5A2CB81F700098CAB0 /* WordGuessApp */ = {
			isa = PBXFileSystemSynchronizedRootGroup;
			exceptions = (
				DAC9BC802CB81F710098CAB0 /* Exceptions for "WordGuessApp" folder in "WordGuessApp" target */,
			);
			path = WordGuessApp;
			sourceTree = "<group>";
		};
		DAC9BC712CB81F710098CAB0 /* WordGuessAppTests */ = {
			isa = PBXFileSystemSynchronizedRootGroup;
			path = WordGuessAppTests;
			sourceTree = "<group>";
		};
		DAC9BC7B2CB81F710098CAB0 /* WordGuessAppUITests */ = {
			isa = PBXFileSystemSynchronizedRootGroup;
			path = WordGuessAppUITests;
			sourceTree = "<group>";
		};
/* End PBXFileSystemSynchronizedRootGroup section */

/* Begin PBXFrameworksBuildPhase section */
		DAC9BC552CB81F700098CAB0 /* Frameworks */ = {
			isa = PBXFrameworksBuildPhase;
			buildActionMask = 2147483647;
			files = (
			);
			runOnlyForDeploymentPostprocessing = 0;
		};
		DAC9BC6B2CB81F710098CAB0 /* Frameworks */ = {
			isa = PBXFrameworksBuildPhase;
			buildActionMask = 2147483647;
			files = (
			);
			runOnlyForDeploymentPostprocessing = 0;
		};
		DAC9BC752CB81F710098CAB0 /* Frameworks */ = {
			isa = PBXFrameworksBuildPhase;
			buildActionMask = 2147483647;
			files = (
			);
			runOnlyForDeploymentPostprocessing = 0;
		};
/* End PBXFrameworksBuildPhase section */

/* Begin PBXGroup section */
		DAC9BC4F2CB81F700098CAB0 = {
			isa = PBXGroup;
			children = (
				DAC9BC5A2CB81F700098CAB0 /* WordGuessApp */,
				DAC9BC712CB81F710098CAB0 /* WordGuessAppTests */,
				DAC9BC7B2CB81F710098CAB0 /* WordGuessAppUITests */,
				DAC9BC592CB81F700098CAB0 /* Products */,
			);
			sourceTree = "<group>";
		};
		DAC9BC592CB81F700098CAB0 /* Products */ = {
			isa = PBXGroup;
			children = (
				DAC9BC582CB81F700098CAB0 /* WordGuessApp.app */,
				DAC9BC6E2CB81F710098CAB0 /* WordGuessAppTests.xctest */,
				DAC9BC782CB81F710098CAB0 /* WordGuessAppUITests.xctest */,
			);
			name = Products;
			sourceTree = "<group>";
		};
/* End PBXGroup section */

/* Begin PBXNativeTarget section */
		DAC9BC572CB81F700098CAB0 /* WordGuessApp */ = {
			isa = PBXNativeTarget;
			buildConfigurationList = DAC9BC812CB81F710098CAB0 /* Build configuration list for PBXNativeTarget "WordGuessApp" */;
			buildPhases = (
				DAC9BC542CB81F700098CAB0 /* Sources */,
				DAC9BC552CB81F700098CAB0 /* Frameworks */,
				DAC9BC562CB81F700098CAB0 /* Resources */,
			);
			buildRules = (
			);
			dependencies = (
			);
			fileSystemSynchronizedGroups = (
				DAC9BC5A2CB81F700098CAB0 /* WordGuessApp */,
			);
			name = WordGuessApp;
			packageProductDependencies = (
			);
			productName = WordGuessApp;
			productReference = DAC9BC582CB81F700098CAB0 /* WordGuessApp.app */;
			productType = "com.apple.product-type.application";
		};
		DAC9BC6D2CB81F710098CAB0 /* WordGuessAppTests */ = {
			isa = PBXNativeTarget;
			buildConfigurationList = DAC9BC862CB81F710098CAB0 /* Build configuration list for PBXNativeTarget "WordGuessAppTests" */;
			buildPhases = (
				DAC9BC6A2CB81F710098CAB0 /* Sources */,
				DAC9BC6B2CB81F710098CAB0 /* Frameworks */,
				DAC9BC6C2CB81F710098CAB0 /* Resources */,
			);
			buildRules = (
			);
			dependencies = (
				DAC9BC702CB81F710098CAB0 /* PBXTargetDependency */,
			);
			fileSystemSynchronizedGroups = (
				DAC9BC712CB81F710098CAB0 /* WordGuessAppTests */,
			);
			name = WordGuessAppTests;
			packageProductDependencies = (
			);
			productName = WordGuessAppTests;
			productReference = DAC9BC6E2CB81F710098CAB0 /* WordGuessAppTests.xctest */;
			productType = "com.apple.product-type.bundle.unit-test";
		};
		DAC9BC772CB81F710098CAB0 /* WordGuessAppUITests */ = {
			isa = PBXNativeTarget;
			buildConfigurationList = DAC9BC892CB81F710098CAB0 /* Build configuration list for PBXNativeTarget "WordGuessAppUITests" */;
			buildPhases = (
				DAC9BC742CB81F710098CAB0 /* Sources */,
				DAC9BC752CB81F710098CAB0 /* Frameworks */,
				DAC9BC762CB81F710098CAB0 /* Resources */,
			);
			buildRules = (
			);
			dependencies = (
				DAC9BC7A2CB81F710098CAB0 /* PBXTargetDependency */,
			);
			fileSystemSynchronizedGroups = (
				DAC9BC7B2CB81F710098CAB0 /* WordGuessAppUITests */,
			);
			name = WordGuessAppUITests;
			packageProductDependencies = (
			);
			productName = WordGuessAppUITests;
			productReference = DAC9BC782CB81F710098CAB0 /* WordGuessAppUITests.xctest */;
			productType = "com.apple.product-type.bundle.ui-testing";
		};
/* End PBXNativeTarget section */

/* Begin PBXProject section */
		DAC9BC502CB81F700098CAB0 /* Project object */ = {
			isa = PBXProject;
			attributes = {
				BuildIndependentTargetsInParallel = 1;
				LastSwiftUpdateCheck = 1600;
				LastUpgradeCheck = 1600;
				TargetAttributes = {
					DAC9BC572CB81F700098CAB0 = {
						CreatedOnToolsVersion = 16.0;
					};
					DAC9BC6D2CB81F710098CAB0 = {
						CreatedOnToolsVersion = 16.0;
						TestTargetID = DAC9BC572CB81F700098CAB0;
					};
					DAC9BC772CB81F710098CAB0 = {
						CreatedOnToolsVersion = 16.0;
						TestTargetID = DAC9BC572CB81F700098CAB0;
					};
				};
			};
			buildConfigurationList = DAC9BC532CB81F700098CAB0 /* Build configuration list for PBXProject "WordGuessApp" */;
			developmentRegion = en;
			hasScannedForEncodings = 0;
			knownRegions = (
				en,
				Base,
			);
			mainGroup = DAC9BC4F2CB81F700098CAB0;
			minimizedProjectReferenceProxies = 1;
			preferredProjectObjectVersion = 77;
			productRefGroup = DAC9BC592CB81F700098CAB0 /* Products */;
			projectDirPath = "";
			projectRoot = "";
			targets = (
				DAC9BC572CB81F700098CAB0 /* WordGuessApp */,
				DAC9BC6D2CB81F710098CAB0 /* WordGuessAppTests */,
				DAC9BC772CB81F710098CAB0 /* WordGuessAppUITests */,
			);
		};
/* End PBXProject section */

/* Begin PBXResourcesBuildPhase section */
		DAC9BC562CB81F700098CAB0 /* Resources */ = {
			isa = PBXResourcesBuildPhase;
			buildActionMask = 2147483647;
			files = (
			);
			runOnlyForDeploymentPostprocessing = 0;
		};
		DAC9BC6C2CB81F710098CAB0 /* Resources */ = {
			isa = PBXResourcesBuildPhase;
			buildActionMask = 2147483647;
			files = (
			);
			runOnlyForDeploymentPostprocessing = 0;
		};
		DAC9BC762CB81F710098CAB0 /* Resources */ = {
			isa = PBXResourcesBuildPhase;
			buildActionMask = 2147483647;
			files = (
			);
			runOnlyForDeploymentPostprocessing = 0;
		};
/* End PBXResourcesBuildPhase section */

/* Begin PBXSourcesBuildPhase section */
		DAC9BC542CB81F700098CAB0 /* Sources */ = {
			isa = PBXSourcesBuildPhase;
			buildActionMask = 2147483647;
			files = (
			);
			runOnlyForDeploymentPostprocessing = 0;
		};
		DAC9BC6A2CB81F710098CAB0 /* Sources */ = {
			isa = PBXSourcesBuildPhase;
			buildActionMask = 2147483647;
			files = (
			);
			runOnlyForDeploymentPostprocessing = 0;
		};
		DAC9BC742CB81F710098CAB0 /* Sources */ = {
			isa = PBXSourcesBuildPhase;
			buildActionMask = 2147483647;
			files = (
			);
			runOnlyForDeploymentPostprocessing = 0;
		};
/* End PBXSourcesBuildPhase section */

/* Begin PBXTargetDependency section */
		DAC9BC702CB81F710098CAB0 /* PBXTargetDependency */ = {
			isa = PBXTargetDependency;
			target = DAC9BC572CB81F700098CAB0 /* WordGuessApp */;
			targetProxy = DAC9BC6F2CB81F710098CAB0 /* PBXContainerItemProxy */;
		};
		DAC9BC7A2CB81F710098CAB0 /* PBXTargetDependency */ = {
			isa = PBXTargetDependency;
			target = DAC9BC572CB81F700098CAB0 /* WordGuessApp */;
			targetProxy = DAC9BC792CB81F710098CAB0 /* PBXContainerItemProxy */;
		};
/* End PBXTargetDependency section */

/* Begin XCBuildConfiguration section */
		DAC9BC822CB81F710098CAB0 /* Debug */ = {
			isa = XCBuildConfiguration;
			buildSettings = {
				ASSETCATALOG_COMPILER_APPICON_NAME = AppIcon;
				ASSETCATALOG_COMPILER_GLOBAL_ACCENT_COLOR_NAME = AccentColor;
				CODE_SIGN_STYLE = Automatic;
				CURRENT_PROJECT_VERSION = 1;
				GENERATE_INFOPLIST_FILE = YES;
				INFOPLIST_FILE = WordGuessApp/Info.plist;
				INFOPLIST_KEY_UIApplicationSupportsIndirectInputEvents = YES;
				INFOPLIST_KEY_UILaunchStoryboardName = LaunchScreen;
				INFOPLIST_KEY_UIMainStoryboardFile = Main;
				INFOPLIST_KEY_UISupportedInterfaceOrientations_iPad = "UIInterfaceOrientationPortrait UIInterfaceOrientationPortraitUpsideDown UIInterfaceOrientationLandscapeLeft UIInterfaceOrientationLandscapeRight";
				INFOPLIST_KEY_UISupportedInterfaceOrientations_iPhone = "UIInterfaceOrientationPortrait UIInterfaceOrientationLandscapeLeft UIInterfaceOrientationLandscapeRight";
				LD_RUNPATH_SEARCH_PATHS = (
					"$(inherited)",
					"@executable_path/Frameworks",
				);
				MARKETING_VERSION = 1.0;
				PRODUCT_BUNDLE_IDENTIFIER = nwmsu.WordGuessApp;
				PRODUCT_NAME = "$(TARGET_NAME)";
				SWIFT_EMIT_LOC_STRINGS = YES;
				SWIFT_VERSION = 5.0;
				TARGETED_DEVICE_FAMILY = "1,2";
			};
			name = Debug;
		};
		DAC9BC832CB81F710098CAB0 /* Release */ = {
			isa = XCBuildConfiguration;
			buildSettings = {
				ASSETCATALOG_COMPILER_APPICON_NAME = AppIcon;
				ASSETCATALOG_COMPILER_GLOBAL_ACCENT_COLOR_NAME = AccentColor;
				CODE_SIGN_STYLE = Automatic;
				CURRENT_PROJECT_VERSION = 1;
				GENERATE_INFOPLIST_FILE = YES;
				INFOPLIST_FILE = WordGuessApp/Info.plist;
				INFOPLIST_KEY_UIApplicationSupportsIndirectInputEvents = YES;
				INFOPLIST_KEY_UILaunchStoryboardName = LaunchScreen;
				INFOPLIST_KEY_UIMainStoryboardFile = Main;
				INFOPLIST_KEY_UISupportedInterfaceOrientations_iPad = "UIInterfaceOrientationPortrait UIInterfaceOrientationPortraitUpsideDown UIInterfaceOrientationLandscapeLeft UIInterfaceOrientationLandscapeRight";
				INFOPLIST_KEY_UISupportedInterfaceOrientations_iPhone = "UIInterfaceOrientationPortrait UIInterfaceOrientationLandscapeLeft UIInterfaceOrientationLandscapeRight";
				LD_RUNPATH_SEARCH_PATHS = (
					"$(inherited)",
					"@executable_path/Frameworks",
				);
				MARKETING_VERSION = 1.0;
				PRODUCT_BUNDLE_IDENTIFIER = nwmsu.WordGuessApp;
				PRODUCT_NAME = "$(TARGET_NAME)";
				SWIFT_EMIT_LOC_STRINGS = YES;
				SWIFT_VERSION = 5.0;
				TARGETED_DEVICE_FAMILY = "1,2";
			};
			name = Release;
		};
		DAC9BC842CB81F710098CAB0 /* Debug */ = {
			isa = XCBuildConfiguration;
			buildSettings = {
				ALWAYS_SEARCH_USER_PATHS = NO;
				ASSETCATALOG_COMPILER_GENERATE_SWIFT_ASSET_SYMBOL_EXTENSIONS = YES;
				CLANG_ANALYZER_NONNULL = YES;
				CLANG_ANALYZER_NUMBER_OBJECT_CONVERSION = YES_AGGRESSIVE;
				CLANG_CXX_LANGUAGE_STANDARD = "gnu++20";
				CLANG_ENABLE_MODULES = YES;
				CLANG_ENABLE_OBJC_ARC = YES;
				CLANG_ENABLE_OBJC_WEAK = YES;
				CLANG_WARN_BLOCK_CAPTURE_AUTORELEASING = YES;
				CLANG_WARN_BOOL_CONVERSION = YES;
				CLANG_WARN_COMMA = YES;
				CLANG_WARN_CONSTANT_CONVERSION = YES;
				CLANG_WARN_DEPRECATED_OBJC_IMPLEMENTATIONS = YES;
				CLANG_WARN_DIRECT_OBJC_ISA_USAGE = YES_ERROR;
				CLANG_WARN_DOCUMENTATION_COMMENTS = YES;
				CLANG_WARN_EMPTY_BODY = YES;
				CLANG_WARN_ENUM_CONVERSION = YES;
				CLANG_WARN_INFINITE_RECURSION = YES;
				CLANG_WARN_INT_CONVERSION = YES;
				CLANG_WARN_NON_LITERAL_NULL_CONVERSION = YES;
				CLANG_WARN_OBJC_IMPLICIT_RETAIN_SELF = YES;
				CLANG_WARN_OBJC_LITERAL_CONVERSION = YES;
				CLANG_WARN_OBJC_ROOT_CLASS = YES_ERROR;
				CLANG_WARN_QUOTED_INCLUDE_IN_FRAMEWORK_HEADER = YES;
				CLANG_WARN_RANGE_LOOP_ANALYSIS = YES;
				CLANG_WARN_STRICT_PROTOTYPES = YES;
				CLANG_WARN_SUSPICIOUS_MOVE = YES;
				CLANG_WARN_UNGUARDED_AVAILABILITY = YES_AGGRESSIVE;
				CLANG_WARN_UNREACHABLE_CODE = YES;
				CLANG_WARN__DUPLICATE_METHOD_MATCH = YES;
				COPY_PHASE_STRIP = NO;
				DEBUG_INFORMATION_FORMAT = dwarf;
				ENABLE_STRICT_OBJC_MSGSEND = YES;
				ENABLE_TESTABILITY = YES;
				ENABLE_USER_SCRIPT_SANDBOXING = YES;
				GCC_C_LANGUAGE_STANDARD = gnu17;
				GCC_DYNAMIC_NO_PIC = NO;
				GCC_NO_COMMON_BLOCKS = YES;
				GCC_OPTIMIZATION_LEVEL = 0;
				GCC_PREPROCESSOR_DEFINITIONS = (
					"DEBUG=1",
					"$(inherited)",
				);
				GCC_WARN_64_TO_32_BIT_CONVERSION = YES;
				GCC_WARN_ABOUT_RETURN_TYPE = YES_ERROR;
				GCC_WARN_UNDECLARED_SELECTOR = YES;
				GCC_WARN_UNINITIALIZED_AUTOS = YES_AGGRESSIVE;
				GCC_WARN_UNUSED_FUNCTION = YES;
				GCC_WARN_UNUSED_VARIABLE = YES;
				IPHONEOS_DEPLOYMENT_TARGET = 18.0;
				LOCALIZATION_PREFERS_STRING_CATALOGS = YES;
				MTL_ENABLE_DEBUG_INFO = INCLUDE_SOURCE;
				MTL_FAST_MATH = YES;
				ONLY_ACTIVE_ARCH = YES;
				SDKROOT = iphoneos;
				SWIFT_ACTIVE_COMPILATION_CONDITIONS = "DEBUG $(inherited)";
				SWIFT_OPTIMIZATION_LEVEL = "-Onone";
			};
			name = Debug;
		};
		DAC9BC852CB81F710098CAB0 /* Release */ = {
			isa = XCBuildConfiguration;
			buildSettings = {
				ALWAYS_SEARCH_USER_PATHS = NO;
				ASSETCATALOG_COMPILER_GENERATE_SWIFT_ASSET_SYMBOL_EXTENSIONS = YES;
				CLANG_ANALYZER_NONNULL = YES;
				CLANG_ANALYZER_NUMBER_OBJECT_CONVERSION = YES_AGGRESSIVE;
				CLANG_CXX_LANGUAGE_STANDARD = "gnu++20";
				CLANG_ENABLE_MODULES = YES;
				CLANG_ENABLE_OBJC_ARC = YES;
				CLANG_ENABLE_OBJC_WEAK = YES;
				CLANG_WARN_BLOCK_CAPTURE_AUTORELEASING = YES;
				CLANG_WARN_BOOL_CONVERSION = YES;
				CLANG_WARN_COMMA = YES;
				CLANG_WARN_CONSTANT_CONVERSION = YES;
				CLANG_WARN_DEPRECATED_OBJC_IMPLEMENTATIONS = YES;
				CLANG_WARN_DIRECT_OBJC_ISA_USAGE = YES_ERROR;
				CLANG_WARN_DOCUMENTATION_COMMENTS = YES;
				CLANG_WARN_EMPTY_BODY = YES;
				CLANG_WARN_ENUM_CONVERSION = YES;
				CLANG_WARN_INFINITE_RECURSION = YES;
				CLANG_WARN_INT_CONVERSION = YES;
				CLANG_WARN_NON_LITERAL_NULL_CONVERSION = YES;
				CLANG_WARN_OBJC_IMPLICIT_RETAIN_SELF = YES;
				CLANG_WARN_OBJC_LITERAL_CONVERSION = YES;
				CLANG_WARN_OBJC_ROOT_CLASS = YES_ERROR;
				CLANG_WARN_QUOTED_INCLUDE_IN_FRAMEWORK_HEADER = YES;
				CLANG_WARN_RANGE_LOOP_ANALYSIS = YES;
				CLANG_WARN_STRICT_PROTOTYPES = YES;
				CLANG_WARN_SUSPICIOUS_MOVE = YES;
				CLANG_WARN_UNGUARDED_AVAILABILITY = YES_AGGRESSIVE;
				CLANG_WARN_UNREACHABLE_CODE = YES;
				CLANG_WARN__DUPLICATE_METHOD_MATCH = YES;
				COPY_PHASE_STRIP = NO;
				DEBUG_INFORMATION_FORMAT = "dwarf-with-dsym";
				ENABLE_NS_ASSERTIONS = NO;
				ENABLE_STRICT_OBJC_MSGSEND = YES;
				ENABLE_USER_SCRIPT_SANDBOXING = YES;
				GCC_C_LANGUAGE_STANDARD = gnu17;
				GCC_NO_COMMON_BLOCKS = YES;
				GCC_WARN_64_TO_32_BIT_CONVERSION = YES;
				GCC_WARN_ABOUT_RETURN_TYPE = YES_ERROR;
				GCC_WARN_UNDECLARED_SELECTOR = YES;
				GCC_WARN_UNINITIALIZED_AUTOS = YES_AGGRESSIVE;
				GCC_WARN_UNUSED_FUNCTION = YES;
				GCC_WARN_UNUSED_VARIABLE = YES;
				IPHONEOS_DEPLOYMENT_TARGET = 18.0;
				LOCALIZATION_PREFERS_STRING_CATALOGS = YES;
				MTL_ENABLE_DEBUG_INFO = NO;
				MTL_FAST_MATH = YES;
				SDKROOT = iphoneos;
				SWIFT_COMPILATION_MODE = wholemodule;
				VALIDATE_PRODUCT = YES;
			};
			name = Release;
		};
		DAC9BC872CB81F710098CAB0 /* Debug */ = {
			isa = XCBuildConfiguration;
			buildSettings = {
				BUNDLE_LOADER = "$(TEST_HOST)";
				CODE_SIGN_STYLE = Automatic;
				CURRENT_PROJECT_VERSION = 1;
				GENERATE_INFOPLIST_FILE = YES;
				IPHONEOS_DEPLOYMENT_TARGET = 18.0;
				MARKETING_VERSION = 1.0;
				PRODUCT_BUNDLE_IDENTIFIER = nwmsu.WordGuessAppTests;
				PRODUCT_NAME = "$(TARGET_NAME)";
				SWIFT_EMIT_LOC_STRINGS = NO;
				SWIFT_VERSION = 5.0;
				TARGETED_DEVICE_FAMILY = "1,2";
				TEST_HOST = "$(BUILT_PRODUCTS_DIR)/WordGuessApp.app/$(BUNDLE_EXECUTABLE_FOLDER_PATH)/WordGuessApp";
			};
			name = Debug;
		};
		DAC9BC882CB81F710098CAB0 /* Release */ = {
			isa = XCBuildConfiguration;
			buildSettings = {
				BUNDLE_LOADER = "$(TEST_HOST)";
				CODE_SIGN_STYLE = Automatic;
				CURRENT_PROJECT_VERSION = 1;
				GENERATE_INFOPLIST_FILE = YES;
				IPHONEOS_DEPLOYMENT_TARGET = 18.0;
				MARKETING_VERSION = 1.0;
				PRODUCT_BUNDLE_IDENTIFIER = nwmsu.WordGuessAppTests;
				PRODUCT_NAME = "$(TARGET_NAME)";
				SWIFT_EMIT_LOC_STRINGS = NO;
				SWIFT_VERSION = 5.0;
				TARGETED_DEVICE_FAMILY = "1,2";
				TEST_HOST = "$(BUILT_PRODUCTS_DIR)/WordGuessApp.app/$(BUNDLE_EXECUTABLE_FOLDER_PATH)/WordGuessApp";
			};
			name = Release;
		};
		DAC9BC8A2CB81F710098CAB0 /* Debug */ = {
			isa = XCBuildConfiguration;
			buildSettings = {
				CODE_SIGN_STYLE = Automatic;
				CURRENT_PROJECT_VERSION = 1;
				GENERATE_INFOPLIST_FILE = YES;
				MARKETING_VERSION = 1.0;
				PRODUCT_BUNDLE_IDENTIFIER = nwmsu.WordGuessAppUITests;
				PRODUCT_NAME = "$(TARGET_NAME)";
				SWIFT_EMIT_LOC_STRINGS = NO;
				SWIFT_VERSION = 5.0;
				TARGETED_DEVICE_FAMILY = "1,2";
				TEST_TARGET_NAME = WordGuessApp;
			};
			name = Debug;
		};
		DAC9BC8B2CB81F710098CAB0 /* Release */ = {
			isa = XCBuildConfiguration;
			buildSettings = {
				CODE_SIGN_STYLE = Automatic;
				CURRENT_PROJECT_VERSION = 1;
				GENERATE_INFOPLIST_FILE = YES;
				MARKETING_VERSION = 1.0;
				PRODUCT_BUNDLE_IDENTIFIER = nwmsu.WordGuessAppUITests;
				PRODUCT_NAME = "$(TARGET_NAME)";
				SWIFT_EMIT_LOC_STRINGS = NO;
				SWIFT_VERSION = 5.0;
				TARGETED_DEVICE_FAMILY = "1,2";
				TEST_TARGET_NAME = WordGuessApp;
			};
			name = Release;
		};
/* End XCBuildConfiguration section */

/* Begin XCConfigurationList section */
		DAC9BC532CB81F700098CAB0 /* Build configuration list for PBXProject "WordGuessApp" */ = {
			isa = XCConfigurationList;
			buildConfigurations = (
				DAC9BC842CB81F710098CAB0 /* Debug */,
				DAC9BC852CB81F710098CAB0 /* Release */,
			);
			defaultConfigurationIsVisible = 0;
			defaultConfigurationName = Release;
		};
		DAC9BC812CB81F710098CAB0 /* Build configuration list for PBXNativeTarget "WordGuessApp" */ = {
			isa = XCConfigurationList;
			buildConfigurations = (
				DAC9BC822CB81F710098CAB0 /* Debug */,
				DAC9BC832CB81F710098CAB0 /* Release */,
			);
			defaultConfigurationIsVisible = 0;
			defaultConfigurationName = Release;
		};
		DAC9BC862CB81F710098CAB0 /* Build configuration list for PBXNativeTarget "WordGuessAppTests" */ = {
			isa = XCConfigurationList;
			buildConfigurations = (
				DAC9BC872CB81F710098CAB0 /* Debug */,
				DAC9BC882CB81F710098CAB0 /* Release */,
			);
			defaultConfigurationIsVisible = 0;
			defaultConfigurationName = Release;
		};
		DAC9BC892CB81F710098CAB0 /* Build configuration list for PBXNativeTarget "WordGuessAppUITests" */ = {
			isa = XCConfigurationList;
			buildConfigurations = (
				DAC9BC8A2CB81F710098CAB0 /* Debug */,
				DAC9BC8B2CB81F710098CAB0 /* Release */,
			);
			defaultConfigurationIsVisible = 0;
			defaultConfigurationName = Release;
		};
/* End XCConfigurationList section */
	};
	rootObject = DAC9BC502CB81F700098CAB0 /* Project object */;
}
