// !$*UTF8*$!
{
	archiveVersion = 1;
	classes = {
	};
	objectVersion = 70;
	objects = {

/* Begin PBXContainerItemProxy section */
		DAB3CD7E2CA5A80100758D9E /* PBXContainerItemProxy */ = {
			isa = PBXContainerItemProxy;
			containerPortal = DAB3CD5F2CA5A7FF00758D9E /* Project object */;
			proxyType = 1;
			remoteGlobalIDString = DAB3CD662CA5A7FF00758D9E;
			remoteInfo = Rodrigues_Exam01;
		};
		DAB3CD882CA5A80100758D9E /* PBXContainerItemProxy */ = {
			isa = PBXContainerItemProxy;
			containerPortal = DAB3CD5F2CA5A7FF00758D9E /* Project object */;
			proxyType = 1;
			remoteGlobalIDString = DAB3CD662CA5A7FF00758D9E;
			remoteInfo = Rodrigues_Exam01;
		};
/* End PBXContainerItemProxy section */

/* Begin PBXFileReference section */
		DAB3CD672CA5A7FF00758D9E /* Rodrigues_Exam01.app */ = {isa = PBXFileReference; explicitFileType = wrapper.application; includeInIndex = 0; path = Rodrigues_Exam01.app; sourceTree = BUILT_PRODUCTS_DIR; };
		DAB3CD7D2CA5A80100758D9E /* Rodrigues_Exam01Tests.xctest */ = {isa = PBXFileReference; explicitFileType = wrapper.cfbundle; includeInIndex = 0; path = Rodrigues_Exam01Tests.xctest; sourceTree = BUILT_PRODUCTS_DIR; };
		DAB3CD872CA5A80100758D9E /* Rodrigues_Exam01UITests.xctest */ = {isa = PBXFileReference; explicitFileType = wrapper.cfbundle; includeInIndex = 0; path = Rodrigues_Exam01UITests.xctest; sourceTree = BUILT_PRODUCTS_DIR; };
/* End PBXFileReference section */

/* Begin PBXFileSystemSynchronizedBuildFileExceptionSet section */
		DAB3CD8F2CA5A80100758D9E /* PBXFileSystemSynchronizedBuildFileExceptionSet */ = {
			isa = PBXFileSystemSynchronizedBuildFileExceptionSet;
			membershipExceptions = (
				Info.plist,
			);
			target = DAB3CD662CA5A7FF00758D9E /* Rodrigues_Exam01 */;
		};
/* End PBXFileSystemSynchronizedBuildFileExceptionSet section */

/* Begin PBXFileSystemSynchronizedRootGroup section */
		DAB3CD692CA5A7FF00758D9E /* Rodrigues_Exam01 */ = {isa = PBXFileSystemSynchronizedRootGroup; exceptions = (DAB3CD8F2CA5A80100758D9E /* PBXFileSystemSynchronizedBuildFileExceptionSet */, ); explicitFileTypes = {}; explicitFolders = (); path = Rodrigues_Exam01; sourceTree = "<group>"; };
		DAB3CD802CA5A80100758D9E /* Rodrigues_Exam01Tests */ = {isa = PBXFileSystemSynchronizedRootGroup; explicitFileTypes = {}; explicitFolders = (); path = Rodrigues_Exam01Tests; sourceTree = "<group>"; };
		DAB3CD8A2CA5A80100758D9E /* Rodrigues_Exam01UITests */ = {isa = PBXFileSystemSynchronizedRootGroup; explicitFileTypes = {}; explicitFolders = (); path = Rodrigues_Exam01UITests; sourceTree = "<group>"; };
/* End PBXFileSystemSynchronizedRootGroup section */

/* Begin PBXFrameworksBuildPhase section */
		DAB3CD642CA5A7FF00758D9E /* Frameworks */ = {
			isa = PBXFrameworksBuildPhase;
			buildActionMask = 2147483647;
			files = (
			);
			runOnlyForDeploymentPostprocessing = 0;
		};
		DAB3CD7A2CA5A80100758D9E /* Frameworks */ = {
			isa = PBXFrameworksBuildPhase;
			buildActionMask = 2147483647;
			files = (
			);
			runOnlyForDeploymentPostprocessing = 0;
		};
		DAB3CD842CA5A80100758D9E /* Frameworks */ = {
			isa = PBXFrameworksBuildPhase;
			buildActionMask = 2147483647;
			files = (
			);
			runOnlyForDeploymentPostprocessing = 0;
		};
/* End PBXFrameworksBuildPhase section */

/* Begin PBXGroup section */
		DAB3CD5E2CA5A7FF00758D9E = {
			isa = PBXGroup;
			children = (
				DAB3CD692CA5A7FF00758D9E /* Rodrigues_Exam01 */,
				DAB3CD802CA5A80100758D9E /* Rodrigues_Exam01Tests */,
				DAB3CD8A2CA5A80100758D9E /* Rodrigues_Exam01UITests */,
				DAB3CD682CA5A7FF00758D9E /* Products */,
			);
			sourceTree = "<group>";
		};
		DAB3CD682CA5A7FF00758D9E /* Products */ = {
			isa = PBXGroup;
			children = (
				DAB3CD672CA5A7FF00758D9E /* Rodrigues_Exam01.app */,
				DAB3CD7D2CA5A80100758D9E /* Rodrigues_Exam01Tests.xctest */,
				DAB3CD872CA5A80100758D9E /* Rodrigues_Exam01UITests.xctest */,
			);
			name = Products;
			sourceTree = "<group>";
		};
/* End PBXGroup section */

/* Begin PBXNativeTarget section */
		DAB3CD662CA5A7FF00758D9E /* Rodrigues_Exam01 */ = {
			isa = PBXNativeTarget;
			buildConfigurationList = DAB3CD902CA5A80100758D9E /* Build configuration list for PBXNativeTarget "Rodrigues_Exam01" */;
			buildPhases = (
				DAB3CD632CA5A7FF00758D9E /* Sources */,
				DAB3CD642CA5A7FF00758D9E /* Frameworks */,
				DAB3CD652CA5A7FF00758D9E /* Resources */,
			);
			buildRules = (
			);
			dependencies = (
			);
			fileSystemSynchronizedGroups = (
				DAB3CD692CA5A7FF00758D9E /* Rodrigues_Exam01 */,
			);
			name = Rodrigues_Exam01;
			packageProductDependencies = (
			);
			productName = Rodrigues_Exam01;
			productReference = DAB3CD672CA5A7FF00758D9E /* Rodrigues_Exam01.app */;
			productType = "com.apple.product-type.application";
		};
		DAB3CD7C2CA5A80100758D9E /* Rodrigues_Exam01Tests */ = {
			isa = PBXNativeTarget;
			buildConfigurationList = DAB3CD952CA5A80100758D9E /* Build configuration list for PBXNativeTarget "Rodrigues_Exam01Tests" */;
			buildPhases = (
				DAB3CD792CA5A80100758D9E /* Sources */,
				DAB3CD7A2CA5A80100758D9E /* Frameworks */,
				DAB3CD7B2CA5A80100758D9E /* Resources */,
			);
			buildRules = (
			);
			dependencies = (
				DAB3CD7F2CA5A80100758D9E /* PBXTargetDependency */,
			);
			fileSystemSynchronizedGroups = (
				DAB3CD802CA5A80100758D9E /* Rodrigues_Exam01Tests */,
			);
			name = Rodrigues_Exam01Tests;
			packageProductDependencies = (
			);
			productName = Rodrigues_Exam01Tests;
			productReference = DAB3CD7D2CA5A80100758D9E /* Rodrigues_Exam01Tests.xctest */;
			productType = "com.apple.product-type.bundle.unit-test";
		};
		DAB3CD862CA5A80100758D9E /* Rodrigues_Exam01UITests */ = {
			isa = PBXNativeTarget;
			buildConfigurationList = DAB3CD982CA5A80100758D9E /* Build configuration list for PBXNativeTarget "Rodrigues_Exam01UITests" */;
			buildPhases = (
				DAB3CD832CA5A80100758D9E /* Sources */,
				DAB3CD842CA5A80100758D9E /* Frameworks */,
				DAB3CD852CA5A80100758D9E /* Resources */,
			);
			buildRules = (
			);
			dependencies = (
				DAB3CD892CA5A80100758D9E /* PBXTargetDependency */,
			);
			fileSystemSynchronizedGroups = (
				DAB3CD8A2CA5A80100758D9E /* Rodrigues_Exam01UITests */,
			);
			name = Rodrigues_Exam01UITests;
			packageProductDependencies = (
			);
			productName = Rodrigues_Exam01UITests;
			productReference = DAB3CD872CA5A80100758D9E /* Rodrigues_Exam01UITests.xctest */;
			productType = "com.apple.product-type.bundle.ui-testing";
		};
/* End PBXNativeTarget section */

/* Begin PBXProject section */
		DAB3CD5F2CA5A7FF00758D9E /* Project object */ = {
			isa = PBXProject;
			attributes = {
				BuildIndependentTargetsInParallel = 1;
				LastSwiftUpdateCheck = 1600;
				LastUpgradeCheck = 1600;
				TargetAttributes = {
					DAB3CD662CA5A7FF00758D9E = {
						CreatedOnToolsVersion = 16.0;
					};
					DAB3CD7C2CA5A80100758D9E = {
						CreatedOnToolsVersion = 16.0;
						TestTargetID = DAB3CD662CA5A7FF00758D9E;
					};
					DAB3CD862CA5A80100758D9E = {
						CreatedOnToolsVersion = 16.0;
						TestTargetID = DAB3CD662CA5A7FF00758D9E;
					};
				};
			};
			buildConfigurationList = DAB3CD622CA5A7FF00758D9E /* Build configuration list for PBXProject "Rodrigues_Exam01" */;
			compatibilityVersion = "Xcode 14.0";
			developmentRegion = en;
			hasScannedForEncodings = 0;
			knownRegions = (
				en,
				Base,
			);
			mainGroup = DAB3CD5E2CA5A7FF00758D9E;
			minimizedProjectReferenceProxies = 1;
			productRefGroup = DAB3CD682CA5A7FF00758D9E /* Products */;
			projectDirPath = "";
			projectRoot = "";
			targets = (
				DAB3CD662CA5A7FF00758D9E /* Rodrigues_Exam01 */,
				DAB3CD7C2CA5A80100758D9E /* Rodrigues_Exam01Tests */,
				DAB3CD862CA5A80100758D9E /* Rodrigues_Exam01UITests */,
			);
		};
/* End PBXProject section */

/* Begin PBXResourcesBuildPhase section */
		DAB3CD652CA5A7FF00758D9E /* Resources */ = {
			isa = PBXResourcesBuildPhase;
			buildActionMask = 2147483647;
			files = (
			);
			runOnlyForDeploymentPostprocessing = 0;
		};
		DAB3CD7B2CA5A80100758D9E /* Resources */ = {
			isa = PBXResourcesBuildPhase;
			buildActionMask = 2147483647;
			files = (
			);
			runOnlyForDeploymentPostprocessing = 0;
		};
		DAB3CD852CA5A80100758D9E /* Resources */ = {
			isa = PBXResourcesBuildPhase;
			buildActionMask = 2147483647;
			files = (
			);
			runOnlyForDeploymentPostprocessing = 0;
		};
/* End PBXResourcesBuildPhase section */

/* Begin PBXSourcesBuildPhase section */
		DAB3CD632CA5A7FF00758D9E /* Sources */ = {
			isa = PBXSourcesBuildPhase;
			buildActionMask = 2147483647;
			files = (
			);
			runOnlyForDeploymentPostprocessing = 0;
		};
		DAB3CD792CA5A80100758D9E /* Sources */ = {
			isa = PBXSourcesBuildPhase;
			buildActionMask = 2147483647;
			files = (
			);
			runOnlyForDeploymentPostprocessing = 0;
		};
		DAB3CD832CA5A80100758D9E /* Sources */ = {
			isa = PBXSourcesBuildPhase;
			buildActionMask = 2147483647;
			files = (
			);
			runOnlyForDeploymentPostprocessing = 0;
		};
/* End PBXSourcesBuildPhase section */

/* Begin PBXTargetDependency section */
		DAB3CD7F2CA5A80100758D9E /* PBXTargetDependency */ = {
			isa = PBXTargetDependency;
			target = DAB3CD662CA5A7FF00758D9E /* Rodrigues_Exam01 */;
			targetProxy = DAB3CD7E2CA5A80100758D9E /* PBXContainerItemProxy */;
		};
		DAB3CD892CA5A80100758D9E /* PBXTargetDependency */ = {
			isa = PBXTargetDependency;
			target = DAB3CD662CA5A7FF00758D9E /* Rodrigues_Exam01 */;
			targetProxy = DAB3CD882CA5A80100758D9E /* PBXContainerItemProxy */;
		};
/* End PBXTargetDependency section */

/* Begin XCBuildConfiguration section */
		DAB3CD912CA5A80100758D9E /* Debug */ = {
			isa = XCBuildConfiguration;
			buildSettings = {
				ASSETCATALOG_COMPILER_APPICON_NAME = AppIcon;
				ASSETCATALOG_COMPILER_GLOBAL_ACCENT_COLOR_NAME = AccentColor;
				CODE_SIGN_STYLE = Automatic;
				CURRENT_PROJECT_VERSION = 1;
				GENERATE_INFOPLIST_FILE = YES;
				INFOPLIST_FILE = Rodrigues_Exam01/Info.plist;
				INFOPLIST_KEY_UIApplicationSupportsIndirectInputEvents = YES;
				INFOPLIST_KEY_UILaunchStoryboardName = LaunchScreen;
				INFOPLIST_KEY_UIMainStoryboardFile = Main;
				INFOPLIST_KEY_UISupportedInterfaceOrientations_iPad = "UIInterfaceOrientationPortrait UIInterfaceOrientationPortraitUpsideDown UIInterfaceOrientationLandscapeLeft UIInterfaceOrientationLandscapeRight";
				INFOPLIST_KEY_UISupportedInterfaceOrientations_iPhone = "UIInterfaceOrientationPortrait UIInterfaceOrientationLandscapeLeft UIInterfaceOrientationLandscapeRight";
				IPHONEOS_DEPLOYMENT_TARGET = 15.5;
				LD_RUNPATH_SEARCH_PATHS = (
					"$(inherited)",
					"@executable_path/Frameworks",
				);
				MARKETING_VERSION = 1.0;
				PRODUCT_BUNDLE_IDENTIFIER = "edu.nwmissouri.ViniciusRodrigues.Rodrigues-Exam01";
				PRODUCT_NAME = "$(TARGET_NAME)";
				SWIFT_EMIT_LOC_STRINGS = YES;
				SWIFT_VERSION = 5.0;
				TARGETED_DEVICE_FAMILY = "1,2";
			};
			name = Debug;
		};
		DAB3CD922CA5A80100758D9E /* Release */ = {
			isa = XCBuildConfiguration;
			buildSettings = {
				ASSETCATALOG_COMPILER_APPICON_NAME = AppIcon;
				ASSETCATALOG_COMPILER_GLOBAL_ACCENT_COLOR_NAME = AccentColor;
				CODE_SIGN_STYLE = Automatic;
				CURRENT_PROJECT_VERSION = 1;
				GENERATE_INFOPLIST_FILE = YES;
				INFOPLIST_FILE = Rodrigues_Exam01/Info.plist;
				INFOPLIST_KEY_UIApplicationSupportsIndirectInputEvents = YES;
				INFOPLIST_KEY_UILaunchStoryboardName = LaunchScreen;
				INFOPLIST_KEY_UIMainStoryboardFile = Main;
				INFOPLIST_KEY_UISupportedInterfaceOrientations_iPad = "UIInterfaceOrientationPortrait UIInterfaceOrientationPortraitUpsideDown UIInterfaceOrientationLandscapeLeft UIInterfaceOrientationLandscapeRight";
				INFOPLIST_KEY_UISupportedInterfaceOrientations_iPhone = "UIInterfaceOrientationPortrait UIInterfaceOrientationLandscapeLeft UIInterfaceOrientationLandscapeRight";
				IPHONEOS_DEPLOYMENT_TARGET = 15.5;
				LD_RUNPATH_SEARCH_PATHS = (
					"$(inherited)",
					"@executable_path/Frameworks",
				);
				MARKETING_VERSION = 1.0;
				PRODUCT_BUNDLE_IDENTIFIER = "edu.nwmissouri.ViniciusRodrigues.Rodrigues-Exam01";
				PRODUCT_NAME = "$(TARGET_NAME)";
				SWIFT_EMIT_LOC_STRINGS = YES;
				SWIFT_VERSION = 5.0;
				TARGETED_DEVICE_FAMILY = "1,2";
			};
			name = Release;
		};
		DAB3CD932CA5A80100758D9E /* Debug */ = {
			isa = XCBuildConfiguration;
			buildSettings = {
				ALWAYS_SEARCH_USER_PATHS = NO;
				ASSETCATALOG_COMPILER_GENERATE_SWIFT_ASSET_SYMBOL_EXTENSIONS = YES;
				CLANG_ANALYZER_NONNULL = YES;
				CLANG_ANALYZER_NUMBER_OBJECT_CONVERSION = YES_AGGRESSIVE;
				CLANG_CXX_LANGUAGE_STANDARD = "gnu++20";
				CLANG_ENABLE_MODULES = YES;
				CLANG_ENABLE_OBJC_ARC = YES;
				CLANG_ENABLE_OBJC_WEAK = YES;
				CLANG_WARN_BLOCK_CAPTURE_AUTORELEASING = YES;
				CLANG_WARN_BOOL_CONVERSION = YES;
				CLANG_WARN_COMMA = YES;
				CLANG_WARN_CONSTANT_CONVERSION = YES;
				CLANG_WARN_DEPRECATED_OBJC_IMPLEMENTATIONS = YES;
				CLANG_WARN_DIRECT_OBJC_ISA_USAGE = YES_ERROR;
				CLANG_WARN_DOCUMENTATION_COMMENTS = YES;
				CLANG_WARN_EMPTY_BODY = YES;
				CLANG_WARN_ENUM_CONVERSION = YES;
				CLANG_WARN_INFINITE_RECURSION = YES;
				CLANG_WARN_INT_CONVERSION = YES;
				CLANG_WARN_NON_LITERAL_NULL_CONVERSION = YES;
				CLANG_WARN_OBJC_IMPLICIT_RETAIN_SELF = YES;
				CLANG_WARN_OBJC_LITERAL_CONVERSION = YES;
				CLANG_WARN_OBJC_ROOT_CLASS = YES_ERROR;
				CLANG_WARN_QUOTED_INCLUDE_IN_FRAMEWORK_HEADER = YES;
				CLANG_WARN_RANGE_LOOP_ANALYSIS = YES;
				CLANG_WARN_STRICT_PROTOTYPES = YES;
				CLANG_WARN_SUSPICIOUS_MOVE = YES;
				CLANG_WARN_UNGUARDED_AVAILABILITY = YES_AGGRESSIVE;
				CLANG_WARN_UNREACHABLE_CODE = YES;
				CLANG_WARN__DUPLICATE_METHOD_MATCH = YES;
				COPY_PHASE_STRIP = NO;
				DEBUG_INFORMATION_FORMAT = dwarf;
				ENABLE_STRICT_OBJC_MSGSEND = YES;
				ENABLE_TESTABILITY = YES;
				ENABLE_USER_SCRIPT_SANDBOXING = YES;
				GCC_C_LANGUAGE_STANDARD = gnu17;
				GCC_DYNAMIC_NO_PIC = NO;
				GCC_NO_COMMON_BLOCKS = YES;
				GCC_OPTIMIZATION_LEVEL = 0;
				GCC_PREPROCESSOR_DEFINITIONS = (
					"DEBUG=1",
					"$(inherited)",
				);
				GCC_WARN_64_TO_32_BIT_CONVERSION = YES;
				GCC_WARN_ABOUT_RETURN_TYPE = YES_ERROR;
				GCC_WARN_UNDECLARED_SELECTOR = YES;
				GCC_WARN_UNINITIALIZED_AUTOS = YES_AGGRESSIVE;
				GCC_WARN_UNUSED_FUNCTION = YES;
				GCC_WARN_UNUSED_VARIABLE = YES;
				IPHONEOS_DEPLOYMENT_TARGET = 18.0;
				LOCALIZATION_PREFERS_STRING_CATALOGS = YES;
				MTL_ENABLE_DEBUG_INFO = INCLUDE_SOURCE;
				MTL_FAST_MATH = YES;
				ONLY_ACTIVE_ARCH = YES;
				SDKROOT = iphoneos;
				SWIFT_ACTIVE_COMPILATION_CONDITIONS = "DEBUG $(inherited)";
				SWIFT_OPTIMIZATION_LEVEL = "-Onone";
			};
			name = Debug;
		};
		DAB3CD942CA5A80100758D9E /* Release */ = {
			isa = XCBuildConfiguration;
			buildSettings = {
				ALWAYS_SEARCH_USER_PATHS = NO;
				ASSETCATALOG_COMPILER_GENERATE_SWIFT_ASSET_SYMBOL_EXTENSIONS = YES;
				CLANG_ANALYZER_NONNULL = YES;
				CLANG_ANALYZER_NUMBER_OBJECT_CONVERSION = YES_AGGRESSIVE;
				CLANG_CXX_LANGUAGE_STANDARD = "gnu++20";
				CLANG_ENABLE_MODULES = YES;
				CLANG_ENABLE_OBJC_ARC = YES;
				CLANG_ENABLE_OBJC_WEAK = YES;
				CLANG_WARN_BLOCK_CAPTURE_AUTORELEASING = YES;
				CLANG_WARN_BOOL_CONVERSION = YES;
				CLANG_WARN_COMMA = YES;
				CLANG_WARN_CONSTANT_CONVERSION = YES;
				CLANG_WARN_DEPRECATED_OBJC_IMPLEMENTATIONS = YES;
				CLANG_WARN_DIRECT_OBJC_ISA_USAGE = YES_ERROR;
				CLANG_WARN_DOCUMENTATION_COMMENTS = YES;
				CLANG_WARN_EMPTY_BODY = YES;
				CLANG_WARN_ENUM_CONVERSION = YES;
				CLANG_WARN_INFINITE_RECURSION = YES;
				CLANG_WARN_INT_CONVERSION = YES;
				CLANG_WARN_NON_LITERAL_NULL_CONVERSION = YES;
				CLANG_WARN_OBJC_IMPLICIT_RETAIN_SELF = YES;
				CLANG_WARN_OBJC_LITERAL_CONVERSION = YES;
				CLANG_WARN_OBJC_ROOT_CLASS = YES_ERROR;
				CLANG_WARN_QUOTED_INCLUDE_IN_FRAMEWORK_HEADER = YES;
				CLANG_WARN_RANGE_LOOP_ANALYSIS = YES;
				CLANG_WARN_STRICT_PROTOTYPES = YES;
				CLANG_WARN_SUSPICIOUS_MOVE = YES;
				CLANG_WARN_UNGUARDED_AVAILABILITY = YES_AGGRESSIVE;
				CLANG_WARN_UNREACHABLE_CODE = YES;
				CLANG_WARN__DUPLICATE_METHOD_MATCH = YES;
				COPY_PHASE_STRIP = NO;
				DEBUG_INFORMATION_FORMAT = "dwarf-with-dsym";
				ENABLE_NS_ASSERTIONS = NO;
				ENABLE_STRICT_OBJC_MSGSEND = YES;
				ENABLE_USER_SCRIPT_SANDBOXING = YES;
				GCC_C_LANGUAGE_STANDARD = gnu17;
				GCC_NO_COMMON_BLOCKS = YES;
				GCC_WARN_64_TO_32_BIT_CONVERSION = YES;
				GCC_WARN_ABOUT_RETURN_TYPE = YES_ERROR;
				GCC_WARN_UNDECLARED_SELECTOR = YES;
				GCC_WARN_UNINITIALIZED_AUTOS = YES_AGGRESSIVE;
				GCC_WARN_UNUSED_FUNCTION = YES;
				GCC_WARN_UNUSED_VARIABLE = YES;
				IPHONEOS_DEPLOYMENT_TARGET = 18.0;
				LOCALIZATION_PREFERS_STRING_CATALOGS = YES;
				MTL_ENABLE_DEBUG_INFO = NO;
				MTL_FAST_MATH = YES;
				SDKROOT = iphoneos;
				SWIFT_COMPILATION_MODE = wholemodule;
				VALIDATE_PRODUCT = YES;
			};
			name = Release;
		};
		DAB3CD962CA5A80100758D9E /* Debug */ = {
			isa = XCBuildConfiguration;
			buildSettings = {
				BUNDLE_LOADER = "$(TEST_HOST)";
				CODE_SIGN_STYLE = Automatic;
				CURRENT_PROJECT_VERSION = 1;
				GENERATE_INFOPLIST_FILE = YES;
				IPHONEOS_DEPLOYMENT_TARGET = 18.0;
				MARKETING_VERSION = 1.0;
				PRODUCT_BUNDLE_IDENTIFIER = "edu.nwmissouri.ViniciusRodrigues.Rodrigues-Exam01Tests";
				PRODUCT_NAME = "$(TARGET_NAME)";
				SWIFT_EMIT_LOC_STRINGS = NO;
				SWIFT_VERSION = 5.0;
				TARGETED_DEVICE_FAMILY = "1,2";
				TEST_HOST = "$(BUILT_PRODUCTS_DIR)/Rodrigues_Exam01.app/$(BUNDLE_EXECUTABLE_FOLDER_PATH)/Rodrigues_Exam01";
			};
			name = Debug;
		};
		DAB3CD972CA5A80100758D9E /* Release */ = {
			isa = XCBuildConfiguration;
			buildSettings = {
				BUNDLE_LOADER = "$(TEST_HOST)";
				CODE_SIGN_STYLE = Automatic;
				CURRENT_PROJECT_VERSION = 1;
				GENERATE_INFOPLIST_FILE = YES;
				IPHONEOS_DEPLOYMENT_TARGET = 18.0;
				MARKETING_VERSION = 1.0;
				PRODUCT_BUNDLE_IDENTIFIER = "edu.nwmissouri.ViniciusRodrigues.Rodrigues-Exam01Tests";
				PRODUCT_NAME = "$(TARGET_NAME)";
				SWIFT_EMIT_LOC_STRINGS = NO;
				SWIFT_VERSION = 5.0;
				TARGETED_DEVICE_FAMILY = "1,2";
				TEST_HOST = "$(BUILT_PRODUCTS_DIR)/Rodrigues_Exam01.app/$(BUNDLE_EXECUTABLE_FOLDER_PATH)/Rodrigues_Exam01";
			};
			name = Release;
		};
		DAB3CD992CA5A80100758D9E /* Debug */ = {
			isa = XCBuildConfiguration;
			buildSettings = {
				CODE_SIGN_STYLE = Automatic;
				CURRENT_PROJECT_VERSION = 1;
				GENERATE_INFOPLIST_FILE = YES;
				MARKETING_VERSION = 1.0;
				PRODUCT_BUNDLE_IDENTIFIER = "edu.nwmissouri.ViniciusRodrigues.Rodrigues-Exam01UITests";
				PRODUCT_NAME = "$(TARGET_NAME)";
				SWIFT_EMIT_LOC_STRINGS = NO;
				SWIFT_VERSION = 5.0;
				TARGETED_DEVICE_FAMILY = "1,2";
				TEST_TARGET_NAME = Rodrigues_Exam01;
			};
			name = Debug;
		};
		DAB3CD9A2CA5A80100758D9E /* Release */ = {
			isa = XCBuildConfiguration;
			buildSettings = {
				CODE_SIGN_STYLE = Automatic;
				CURRENT_PROJECT_VERSION = 1;
				GENERATE_INFOPLIST_FILE = YES;
				MARKETING_VERSION = 1.0;
				PRODUCT_BUNDLE_IDENTIFIER = "edu.nwmissouri.ViniciusRodrigues.Rodrigues-Exam01UITests";
				PRODUCT_NAME = "$(TARGET_NAME)";
				SWIFT_EMIT_LOC_STRINGS = NO;
				SWIFT_VERSION = 5.0;
				TARGETED_DEVICE_FAMILY = "1,2";
				TEST_TARGET_NAME = Rodrigues_Exam01;
			};
			name = Release;
		};
/* End XCBuildConfiguration section */

/* Begin XCConfigurationList section */
		DAB3CD622CA5A7FF00758D9E /* Build configuration list for PBXProject "Rodrigues_Exam01" */ = {
			isa = XCConfigurationList;
			buildConfigurations = (
				DAB3CD932CA5A80100758D9E /* Debug */,
				DAB3CD942CA5A80100758D9E /* Release */,
			);
			defaultConfigurationIsVisible = 0;
			defaultConfigurationName = Release;
		};
		DAB3CD902CA5A80100758D9E /* Build configuration list for PBXNativeTarget "Rodrigues_Exam01" */ = {
			isa = XCConfigurationList;
			buildConfigurations = (
				DAB3CD912CA5A80100758D9E /* Debug */,
				DAB3CD922CA5A80100758D9E /* Release */,
			);
			defaultConfigurationIsVisible = 0;
			defaultConfigurationName = Release;
		};
		DAB3CD952CA5A80100758D9E /* Build configuration list for PBXNativeTarget "Rodrigues_Exam01Tests" */ = {
			isa = XCConfigurationList;
			buildConfigurations = (
				DAB3CD962CA5A80100758D9E /* Debug */,
				DAB3CD972CA5A80100758D9E /* Release */,
			);
			defaultConfigurationIsVisible = 0;
			defaultConfigurationName = Release;
		};
		DAB3CD982CA5A80100758D9E /* Build configuration list for PBXNativeTarget "Rodrigues_Exam01UITests" */ = {
			isa = XCConfigurationList;
			buildConfigurations = (
				DAB3CD992CA5A80100758D9E /* Debug */,
				DAB3CD9A2CA5A80100758D9E /* Release */,
			);
			defaultConfigurationIsVisible = 0;
			defaultConfigurationName = Release;
		};
/* End XCConfigurationList section */
	};
	rootObject = DAB3CD5F2CA5A7FF00758D9E /* Project object */;
}
