// !$*UTF8*$!
{
	archiveVersion = 1;
	classes = {
	};
	objectVersion = 77;
	objects = {

/* Begin PBXContainerItemProxy section */
		DADA81622CCA946F003A0D5D /* PBXContainerItemProxy */ = {
			isa = PBXContainerItemProxy;
			containerPortal = DADA81432CCA946E003A0D5D /* Project object */;
			proxyType = 1;
			remoteGlobalIDString = DADA814A2CCA946E003A0D5D;
			remoteInfo = MultipleViewControllers;
		};
		DADA816C2CCA946F003A0D5D /* PBXContainerItemProxy */ = {
			isa = PBXContainerItemProxy;
			containerPortal = DADA81432CCA946E003A0D5D /* Project object */;
			proxyType = 1;
			remoteGlobalIDString = DADA814A2CCA946E003A0D5D;
			remoteInfo = MultipleViewControllers;
		};
/* End PBXContainerItemProxy section */

/* Begin PBXFileReference section */
		DADA814B2CCA946E003A0D5D /* MultipleViewControllers.app */ = {isa = PBXFileReference; explicitFileType = wrapper.application; includeInIndex = 0; path = MultipleViewControllers.app; sourceTree = BUILT_PRODUCTS_DIR; };
		DADA81612CCA946F003A0D5D /* MultipleViewControllersTests.xctest */ = {isa = PBXFileReference; explicitFileType = wrapper.cfbundle; includeInIndex = 0; path = MultipleViewControllersTests.xctest; sourceTree = BUILT_PRODUCTS_DIR; };
		DADA816B2CCA946F003A0D5D /* MultipleViewControllersUITests.xctest */ = {isa = PBXFileReference; explicitFileType = wrapper.cfbundle; includeInIndex = 0; path = MultipleViewControllersUITests.xctest; sourceTree = BUILT_PRODUCTS_DIR; };
/* End PBXFileReference section */

/* Begin PBXFileSystemSynchronizedBuildFileExceptionSet section */
		DADA81732CCA946F003A0D5D /* Exceptions for "MultipleViewControllers" folder in "MultipleViewControllers" target */ = {
			isa = PBXFileSystemSynchronizedBuildFileExceptionSet;
			membershipExceptions = (
				Info.plist,
			);
			target = DADA814A2CCA946E003A0D5D /* MultipleViewControllers */;
		};
/* End PBXFileSystemSynchronizedBuildFileExceptionSet section */

/* Begin PBXFileSystemSynchronizedRootGroup section */
		DADA814D2CCA946E003A0D5D /* MultipleViewControllers */ = {
			isa = PBXFileSystemSynchronizedRootGroup;
			exceptions = (
				DADA81732CCA946F003A0D5D /* Exceptions for "MultipleViewControllers" folder in "MultipleViewControllers" target */,
			);
			path = MultipleViewControllers;
			sourceTree = "<group>";
		};
		DADA81642CCA946F003A0D5D /* MultipleViewControllersTests */ = {
			isa = PBXFileSystemSynchronizedRootGroup;
			path = MultipleViewControllersTests;
			sourceTree = "<group>";
		};
		DADA816E2CCA946F003A0D5D /* MultipleViewControllersUITests */ = {
			isa = PBXFileSystemSynchronizedRootGroup;
			path = MultipleViewControllersUITests;
			sourceTree = "<group>";
		};
/* End PBXFileSystemSynchronizedRootGroup section */

/* Begin PBXFrameworksBuildPhase section */
		DADA81482CCA946E003A0D5D /* Frameworks */ = {
			isa = PBXFrameworksBuildPhase;
			buildActionMask = 2147483647;
			files = (
			);
			runOnlyForDeploymentPostprocessing = 0;
		};
		DADA815E2CCA946F003A0D5D /* Frameworks */ = {
			isa = PBXFrameworksBuildPhase;
			buildActionMask = 2147483647;
			files = (
			);
			runOnlyForDeploymentPostprocessing = 0;
		};
		DADA81682CCA946F003A0D5D /* Frameworks */ = {
			isa = PBXFrameworksBuildPhase;
			buildActionMask = 2147483647;
			files = (
			);
			runOnlyForDeploymentPostprocessing = 0;
		};
/* End PBXFrameworksBuildPhase section */

/* Begin PBXGroup section */
		DADA81422CCA946E003A0D5D = {
			isa = PBXGroup;
			children = (
				DADA814D2CCA946E003A0D5D /* MultipleViewControllers */,
				DADA81642CCA946F003A0D5D /* MultipleViewControllersTests */,
				DADA816E2CCA946F003A0D5D /* MultipleViewControllersUITests */,
				DADA814C2CCA946E003A0D5D /* Products */,
			);
			sourceTree = "<group>";
		};
		DADA814C2CCA946E003A0D5D /* Products */ = {
			isa = PBXGroup;
			children = (
				DADA814B2CCA946E003A0D5D /* MultipleViewControllers.app */,
				DADA81612CCA946F003A0D5D /* MultipleViewControllersTests.xctest */,
				DADA816B2CCA946F003A0D5D /* MultipleViewControllersUITests.xctest */,
			);
			name = Products;
			sourceTree = "<group>";
		};
/* End PBXGroup section */

/* Begin PBXNativeTarget section */
		DADA814A2CCA946E003A0D5D /* MultipleViewControllers */ = {
			isa = PBXNativeTarget;
			buildConfigurationList = DADA81742CCA946F003A0D5D /* Build configuration list for PBXNativeTarget "MultipleViewControllers" */;
			buildPhases = (
				DADA81472CCA946E003A0D5D /* Sources */,
				DADA81482CCA946E003A0D5D /* Frameworks */,
				DADA81492CCA946E003A0D5D /* Resources */,
			);
			buildRules = (
			);
			dependencies = (
			);
			fileSystemSynchronizedGroups = (
				DADA814D2CCA946E003A0D5D /* MultipleViewControllers */,
			);
			name = MultipleViewControllers;
			packageProductDependencies = (
			);
			productName = MultipleViewControllers;
			productReference = DADA814B2CCA946E003A0D5D /* MultipleViewControllers.app */;
			productType = "com.apple.product-type.application";
		};
		DADA81602CCA946F003A0D5D /* MultipleViewControllersTests */ = {
			isa = PBXNativeTarget;
			buildConfigurationList = DADA81792CCA946F003A0D5D /* Build configuration list for PBXNativeTarget "MultipleViewControllersTests" */;
			buildPhases = (
				DADA815D2CCA946F003A0D5D /* Sources */,
				DADA815E2CCA946F003A0D5D /* Frameworks */,
				DADA815F2CCA946F003A0D5D /* Resources */,
			);
			buildRules = (
			);
			dependencies = (
				DADA81632CCA946F003A0D5D /* PBXTargetDependency */,
			);
			fileSystemSynchronizedGroups = (
				DADA81642CCA946F003A0D5D /* MultipleViewControllersTests */,
			);
			name = MultipleViewControllersTests;
			packageProductDependencies = (
			);
			productName = MultipleViewControllersTests;
			productReference = DADA81612CCA946F003A0D5D /* MultipleViewControllersTests.xctest */;
			productType = "com.apple.product-type.bundle.unit-test";
		};
		DADA816A2CCA946F003A0D5D /* MultipleViewControllersUITests */ = {
			isa = PBXNativeTarget;
			buildConfigurationList = DADA817C2CCA946F003A0D5D /* Build configuration list for PBXNativeTarget "MultipleViewControllersUITests" */;
			buildPhases = (
				DADA81672CCA946F003A0D5D /* Sources */,
				DADA81682CCA946F003A0D5D /* Frameworks */,
				DADA81692CCA946F003A0D5D /* Resources */,
			);
			buildRules = (
			);
			dependencies = (
				DADA816D2CCA946F003A0D5D /* PBXTargetDependency */,
			);
			fileSystemSynchronizedGroups = (
				DADA816E2CCA946F003A0D5D /* MultipleViewControllersUITests */,
			);
			name = MultipleViewControllersUITests;
			packageProductDependencies = (
			);
			productName = MultipleViewControllersUITests;
			productReference = DADA816B2CCA946F003A0D5D /* MultipleViewControllersUITests.xctest */;
			productType = "com.apple.product-type.bundle.ui-testing";
		};
/* End PBXNativeTarget section */

/* Begin PBXProject section */
		DADA81432CCA946E003A0D5D /* Project object */ = {
			isa = PBXProject;
			attributes = {
				BuildIndependentTargetsInParallel = 1;
				LastSwiftUpdateCheck = 1600;
				LastUpgradeCheck = 1600;
				TargetAttributes = {
					DADA814A2CCA946E003A0D5D = {
						CreatedOnToolsVersion = 16.0;
					};
					DADA81602CCA946F003A0D5D = {
						CreatedOnToolsVersion = 16.0;
						TestTargetID = DADA814A2CCA946E003A0D5D;
					};
					DADA816A2CCA946F003A0D5D = {
						CreatedOnToolsVersion = 16.0;
						TestTargetID = DADA814A2CCA946E003A0D5D;
					};
				};
			};
			buildConfigurationList = DADA81462CCA946E003A0D5D /* Build configuration list for PBXProject "MultipleViewControllers" */;
			developmentRegion = en;
			hasScannedForEncodings = 0;
			knownRegions = (
				en,
				Base,
			);
			mainGroup = DADA81422CCA946E003A0D5D;
			minimizedProjectReferenceProxies = 1;
			preferredProjectObjectVersion = 77;
			productRefGroup = DADA814C2CCA946E003A0D5D /* Products */;
			projectDirPath = "";
			projectRoot = "";
			targets = (
				DADA814A2CCA946E003A0D5D /* MultipleViewControllers */,
				DADA81602CCA946F003A0D5D /* MultipleViewControllersTests */,
				DADA816A2CCA946F003A0D5D /* MultipleViewControllersUITests */,
			);
		};
/* End PBXProject section */

/* Begin PBXResourcesBuildPhase section */
		DADA81492CCA946E003A0D5D /* Resources */ = {
			isa = PBXResourcesBuildPhase;
			buildActionMask = 2147483647;
			files = (
			);
			runOnlyForDeploymentPostprocessing = 0;
		};
		DADA815F2CCA946F003A0D5D /* Resources */ = {
			isa = PBXResourcesBuildPhase;
			buildActionMask = 2147483647;
			files = (
			);
			runOnlyForDeploymentPostprocessing = 0;
		};
		DADA81692CCA946F003A0D5D /* Resources */ = {
			isa = PBXResourcesBuildPhase;
			buildActionMask = 2147483647;
			files = (
			);
			runOnlyForDeploymentPostprocessing = 0;
		};
/* End PBXResourcesBuildPhase section */

/* Begin PBXSourcesBuildPhase section */
		DADA81472CCA946E003A0D5D /* Sources */ = {
			isa = PBXSourcesBuildPhase;
			buildActionMask = 2147483647;
			files = (
			);
			runOnlyForDeploymentPostprocessing = 0;
		};
		DADA815D2CCA946F003A0D5D /* Sources */ = {
			isa = PBXSourcesBuildPhase;
			buildActionMask = 2147483647;
			files = (
			);
			runOnlyForDeploymentPostprocessing = 0;
		};
		DADA81672CCA946F003A0D5D /* Sources */ = {
			isa = PBXSourcesBuildPhase;
			buildActionMask = 2147483647;
			files = (
			);
			runOnlyForDeploymentPostprocessing = 0;
		};
/* End PBXSourcesBuildPhase section */

/* Begin PBXTargetDependency section */
		DADA81632CCA946F003A0D5D /* PBXTargetDependency */ = {
			isa = PBXTargetDependency;
			target = DADA814A2CCA946E003A0D5D /* MultipleViewControllers */;
			targetProxy = DADA81622CCA946F003A0D5D /* PBXContainerItemProxy */;
		};
		DADA816D2CCA946F003A0D5D /* PBXTargetDependency */ = {
			isa = PBXTargetDependency;
			target = DADA814A2CCA946E003A0D5D /* MultipleViewControllers */;
			targetProxy = DADA816C2CCA946F003A0D5D /* PBXContainerItemProxy */;
		};
/* End PBXTargetDependency section */

/* Begin XCBuildConfiguration section */
		DADA81752CCA946F003A0D5D /* Debug */ = {
			isa = XCBuildConfiguration;
			buildSettings = {
				ASSETCATALOG_COMPILER_APPICON_NAME = AppIcon;
				ASSETCATALOG_COMPILER_GLOBAL_ACCENT_COLOR_NAME = AccentColor;
				CODE_SIGN_STYLE = Automatic;
				CURRENT_PROJECT_VERSION = 1;
				GENERATE_INFOPLIST_FILE = YES;
				INFOPLIST_FILE = MultipleViewControllers/Info.plist;
				INFOPLIST_KEY_UIApplicationSupportsIndirectInputEvents = YES;
				INFOPLIST_KEY_UILaunchStoryboardName = LaunchScreen;
				INFOPLIST_KEY_UIMainStoryboardFile = Main;
				INFOPLIST_KEY_UISupportedInterfaceOrientations_iPad = "UIInterfaceOrientationPortrait UIInterfaceOrientationPortraitUpsideDown UIInterfaceOrientationLandscapeLeft UIInterfaceOrientationLandscapeRight";
				INFOPLIST_KEY_UISupportedInterfaceOrientations_iPhone = "UIInterfaceOrientationPortrait UIInterfaceOrientationLandscapeLeft UIInterfaceOrientationLandscapeRight";
				LD_RUNPATH_SEARCH_PATHS = (
					"$(inherited)",
					"@executable_path/Frameworks",
				);
				MARKETING_VERSION = 1.0;
				PRODUCT_BUNDLE_IDENTIFIER = nwmsu.MultipleViewControllers;
				PRODUCT_NAME = "$(TARGET_NAME)";
				SWIFT_EMIT_LOC_STRINGS = YES;
				SWIFT_VERSION = 5.0;
				TARGETED_DEVICE_FAMILY = "1,2";
			};
			name = Debug;
		};
		DADA81762CCA946F003A0D5D /* Release */ = {
			isa = XCBuildConfiguration;
			buildSettings = {
				ASSETCATALOG_COMPILER_APPICON_NAME = AppIcon;
				ASSETCATALOG_COMPILER_GLOBAL_ACCENT_COLOR_NAME = AccentColor;
				CODE_SIGN_STYLE = Automatic;
				CURRENT_PROJECT_VERSION = 1;
				GENERATE_INFOPLIST_FILE = YES;
				INFOPLIST_FILE = MultipleViewControllers/Info.plist;
				INFOPLIST_KEY_UIApplicationSupportsIndirectInputEvents = YES;
				INFOPLIST_KEY_UILaunchStoryboardName = LaunchScreen;
				INFOPLIST_KEY_UIMainStoryboardFile = Main;
				INFOPLIST_KEY_UISupportedInterfaceOrientations_iPad = "UIInterfaceOrientationPortrait UIInterfaceOrientationPortraitUpsideDown UIInterfaceOrientationLandscapeLeft UIInterfaceOrientationLandscapeRight";
				INFOPLIST_KEY_UISupportedInterfaceOrientations_iPhone = "UIInterfaceOrientationPortrait UIInterfaceOrientationLandscapeLeft UIInterfaceOrientationLandscapeRight";
				LD_RUNPATH_SEARCH_PATHS = (
					"$(inherited)",
					"@executable_path/Frameworks",
				);
				MARKETING_VERSION = 1.0;
				PRODUCT_BUNDLE_IDENTIFIER = nwmsu.MultipleViewControllers;
				PRODUCT_NAME = "$(TARGET_NAME)";
				SWIFT_EMIT_LOC_STRINGS = YES;
				SWIFT_VERSION = 5.0;
				TARGETED_DEVICE_FAMILY = "1,2";
			};
			name = Release;
		};
		DADA81772CCA946F003A0D5D /* Debug */ = {
			isa = XCBuildConfiguration;
			buildSettings = {
				ALWAYS_SEARCH_USER_PATHS = NO;
				ASSETCATALOG_COMPILER_GENERATE_SWIFT_ASSET_SYMBOL_EXTENSIONS = YES;
				CLANG_ANALYZER_NONNULL = YES;
				CLANG_ANALYZER_NUMBER_OBJECT_CONVERSION = YES_AGGRESSIVE;
				CLANG_CXX_LANGUAGE_STANDARD = "gnu++20";
				CLANG_ENABLE_MODULES = YES;
				CLANG_ENABLE_OBJC_ARC = YES;
				CLANG_ENABLE_OBJC_WEAK = YES;
				CLANG_WARN_BLOCK_CAPTURE_AUTORELEASING = YES;
				CLANG_WARN_BOOL_CONVERSION = YES;
				CLANG_WARN_COMMA = YES;
				CLANG_WARN_CONSTANT_CONVERSION = YES;
				CLANG_WARN_DEPRECATED_OBJC_IMPLEMENTATIONS = YES;
				CLANG_WARN_DIRECT_OBJC_ISA_USAGE = YES_ERROR;
				CLANG_WARN_DOCUMENTATION_COMMENTS = YES;
				CLANG_WARN_EMPTY_BODY = YES;
				CLANG_WARN_ENUM_CONVERSION = YES;
				CLANG_WARN_INFINITE_RECURSION = YES;
				CLANG_WARN_INT_CONVERSION = YES;
				CLANG_WARN_NON_LITERAL_NULL_CONVERSION = YES;
				CLANG_WARN_OBJC_IMPLICIT_RETAIN_SELF = YES;
				CLANG_WARN_OBJC_LITERAL_CONVERSION = YES;
				CLANG_WARN_OBJC_ROOT_CLASS = YES_ERROR;
				CLANG_WARN_QUOTED_INCLUDE_IN_FRAMEWORK_HEADER = YES;
				CLANG_WARN_RANGE_LOOP_ANALYSIS = YES;
				CLANG_WARN_STRICT_PROTOTYPES = YES;
				CLANG_WARN_SUSPICIOUS_MOVE = YES;
				CLANG_WARN_UNGUARDED_AVAILABILITY = YES_AGGRESSIVE;
				CLANG_WARN_UNREACHABLE_CODE = YES;
				CLANG_WARN__DUPLICATE_METHOD_MATCH = YES;
				COPY_PHASE_STRIP = NO;
				DEBUG_INFORMATION_FORMAT = dwarf;
				ENABLE_STRICT_OBJC_MSGSEND = YES;
				ENABLE_TESTABILITY = YES;
				ENABLE_USER_SCRIPT_SANDBOXING = YES;
				GCC_C_LANGUAGE_STANDARD = gnu17;
				GCC_DYNAMIC_NO_PIC = NO;
				GCC_NO_COMMON_BLOCKS = YES;
				GCC_OPTIMIZATION_LEVEL = 0;
				GCC_PREPROCESSOR_DEFINITIONS = (
					"DEBUG=1",
					"$(inherited)",
				);
				GCC_WARN_64_TO_32_BIT_CONVERSION = YES;
				GCC_WARN_ABOUT_RETURN_TYPE = YES_ERROR;
				GCC_WARN_UNDECLARED_SELECTOR = YES;
				GCC_WARN_UNINITIALIZED_AUTOS = YES_AGGRESSIVE;
				GCC_WARN_UNUSED_FUNCTION = YES;
				GCC_WARN_UNUSED_VARIABLE = YES;
				IPHONEOS_DEPLOYMENT_TARGET = 18.0;
				LOCALIZATION_PREFERS_STRING_CATALOGS = YES;
				MTL_ENABLE_DEBUG_INFO = INCLUDE_SOURCE;
				MTL_FAST_MATH = YES;
				ONLY_ACTIVE_ARCH = YES;
				SDKROOT = iphoneos;
				SWIFT_ACTIVE_COMPILATION_CONDITIONS = "DEBUG $(inherited)";
				SWIFT_OPTIMIZATION_LEVEL = "-Onone";
			};
			name = Debug;
		};
		DADA81782CCA946F003A0D5D /* Release */ = {
			isa = XCBuildConfiguration;
			buildSettings = {
				ALWAYS_SEARCH_USER_PATHS = NO;
				ASSETCATALOG_COMPILER_GENERATE_SWIFT_ASSET_SYMBOL_EXTENSIONS = YES;
				CLANG_ANALYZER_NONNULL = YES;
				CLANG_ANALYZER_NUMBER_OBJECT_CONVERSION = YES_AGGRESSIVE;
				CLANG_CXX_LANGUAGE_STANDARD = "gnu++20";
				CLANG_ENABLE_MODULES = YES;
				CLANG_ENABLE_OBJC_ARC = YES;
				CLANG_ENABLE_OBJC_WEAK = YES;
				CLANG_WARN_BLOCK_CAPTURE_AUTORELEASING = YES;
				CLANG_WARN_BOOL_CONVERSION = YES;
				CLANG_WARN_COMMA = YES;
				CLANG_WARN_CONSTANT_CONVERSION = YES;
				CLANG_WARN_DEPRECATED_OBJC_IMPLEMENTATIONS = YES;
				CLANG_WARN_DIRECT_OBJC_ISA_USAGE = YES_ERROR;
				CLANG_WARN_DOCUMENTATION_COMMENTS = YES;
				CLANG_WARN_EMPTY_BODY = YES;
				CLANG_WARN_ENUM_CONVERSION = YES;
				CLANG_WARN_INFINITE_RECURSION = YES;
				CLANG_WARN_INT_CONVERSION = YES;
				CLANG_WARN_NON_LITERAL_NULL_CONVERSION = YES;
				CLANG_WARN_OBJC_IMPLICIT_RETAIN_SELF = YES;
				CLANG_WARN_OBJC_LITERAL_CONVERSION = YES;
				CLANG_WARN_OBJC_ROOT_CLASS = YES_ERROR;
				CLANG_WARN_QUOTED_INCLUDE_IN_FRAMEWORK_HEADER = YES;
				CLANG_WARN_RANGE_LOOP_ANALYSIS = YES;
				CLANG_WARN_STRICT_PROTOTYPES = YES;
				CLANG_WARN_SUSPICIOUS_MOVE = YES;
				CLANG_WARN_UNGUARDED_AVAILABILITY = YES_AGGRESSIVE;
				CLANG_WARN_UNREACHABLE_CODE = YES;
				CLANG_WARN__DUPLICATE_METHOD_MATCH = YES;
				COPY_PHASE_STRIP = NO;
				DEBUG_INFORMATION_FORMAT = "dwarf-with-dsym";
				ENABLE_NS_ASSERTIONS = NO;
				ENABLE_STRICT_OBJC_MSGSEND = YES;
				ENABLE_USER_SCRIPT_SANDBOXING = YES;
				GCC_C_LANGUAGE_STANDARD = gnu17;
				GCC_NO_COMMON_BLOCKS = YES;
				GCC_WARN_64_TO_32_BIT_CONVERSION = YES;
				GCC_WARN_ABOUT_RETURN_TYPE = YES_ERROR;
				GCC_WARN_UNDECLARED_SELECTOR = YES;
				GCC_WARN_UNINITIALIZED_AUTOS = YES_AGGRESSIVE;
				GCC_WARN_UNUSED_FUNCTION = YES;
				GCC_WARN_UNUSED_VARIABLE = YES;
				IPHONEOS_DEPLOYMENT_TARGET = 18.0;
				LOCALIZATION_PREFERS_STRING_CATALOGS = YES;
				MTL_ENABLE_DEBUG_INFO = NO;
				MTL_FAST_MATH = YES;
				SDKROOT = iphoneos;
				SWIFT_COMPILATION_MODE = wholemodule;
				VALIDATE_PRODUCT = YES;
			};
			name = Release;
		};
		DADA817A2CCA946F003A0D5D /* Debug */ = {
			isa = XCBuildConfiguration;
			buildSettings = {
				BUNDLE_LOADER = "$(TEST_HOST)";
				CODE_SIGN_STYLE = Automatic;
				CURRENT_PROJECT_VERSION = 1;
				GENERATE_INFOPLIST_FILE = YES;
				IPHONEOS_DEPLOYMENT_TARGET = 18.0;
				MARKETING_VERSION = 1.0;
				PRODUCT_BUNDLE_IDENTIFIER = nwmsu.MultipleViewControllersTests;
				PRODUCT_NAME = "$(TARGET_NAME)";
				SWIFT_EMIT_LOC_STRINGS = NO;
				SWIFT_VERSION = 5.0;
				TARGETED_DEVICE_FAMILY = "1,2";
				TEST_HOST = "$(BUILT_PRODUCTS_DIR)/MultipleViewControllers.app/$(BUNDLE_EXECUTABLE_FOLDER_PATH)/MultipleViewControllers";
			};
			name = Debug;
		};
		DADA817B2CCA946F003A0D5D /* Release */ = {
			isa = XCBuildConfiguration;
			buildSettings = {
				BUNDLE_LOADER = "$(TEST_HOST)";
				CODE_SIGN_STYLE = Automatic;
				CURRENT_PROJECT_VERSION = 1;
				GENERATE_INFOPLIST_FILE = YES;
				IPHONEOS_DEPLOYMENT_TARGET = 18.0;
				MARKETING_VERSION = 1.0;
				PRODUCT_BUNDLE_IDENTIFIER = nwmsu.MultipleViewControllersTests;
				PRODUCT_NAME = "$(TARGET_NAME)";
				SWIFT_EMIT_LOC_STRINGS = NO;
				SWIFT_VERSION = 5.0;
				TARGETED_DEVICE_FAMILY = "1,2";
				TEST_HOST = "$(BUILT_PRODUCTS_DIR)/MultipleViewControllers.app/$(BUNDLE_EXECUTABLE_FOLDER_PATH)/MultipleViewControllers";
			};
			name = Release;
		};
		DADA817D2CCA946F003A0D5D /* Debug */ = {
			isa = XCBuildConfiguration;
			buildSettings = {
				CODE_SIGN_STYLE = Automatic;
				CURRENT_PROJECT_VERSION = 1;
				GENERATE_INFOPLIST_FILE = YES;
				MARKETING_VERSION = 1.0;
				PRODUCT_BUNDLE_IDENTIFIER = nwmsu.MultipleViewControllersUITests;
				PRODUCT_NAME = "$(TARGET_NAME)";
				SWIFT_EMIT_LOC_STRINGS = NO;
				SWIFT_VERSION = 5.0;
				TARGETED_DEVICE_FAMILY = "1,2";
				TEST_TARGET_NAME = MultipleViewControllers;
			};
			name = Debug;
		};
		DADA817E2CCA946F003A0D5D /* Release */ = {
			isa = XCBuildConfiguration;
			buildSettings = {
				CODE_SIGN_STYLE = Automatic;
				CURRENT_PROJECT_VERSION = 1;
				GENERATE_INFOPLIST_FILE = YES;
				MARKETING_VERSION = 1.0;
				PRODUCT_BUNDLE_IDENTIFIER = nwmsu.MultipleViewControllersUITests;
				PRODUCT_NAME = "$(TARGET_NAME)";
				SWIFT_EMIT_LOC_STRINGS = NO;
				SWIFT_VERSION = 5.0;
				TARGETED_DEVICE_FAMILY = "1,2";
				TEST_TARGET_NAME = MultipleViewControllers;
			};
			name = Release;
		};
/* End XCBuildConfiguration section */

/* Begin XCConfigurationList section */
		DADA81462CCA946E003A0D5D /* Build configuration list for PBXProject "MultipleViewControllers" */ = {
			isa = XCConfigurationList;
			buildConfigurations = (
				DADA81772CCA946F003A0D5D /* Debug */,
				DADA81782CCA946F003A0D5D /* Release */,
			);
			defaultConfigurationIsVisible = 0;
			defaultConfigurationName = Release;
		};
		DADA81742CCA946F003A0D5D /* Build configuration list for PBXNativeTarget "MultipleViewControllers" */ = {
			isa = XCConfigurationList;
			buildConfigurations = (
				DADA81752CCA946F003A0D5D /* Debug */,
				DADA81762CCA946F003A0D5D /* Release */,
			);
			defaultConfigurationIsVisible = 0;
			defaultConfigurationName = Release;
		};
		DADA81792CCA946F003A0D5D /* Build configuration list for PBXNativeTarget "MultipleViewControllersTests" */ = {
			isa = XCConfigurationList;
			buildConfigurations = (
				DADA817A2CCA946F003A0D5D /* Debug */,
				DADA817B2CCA946F003A0D5D /* Release */,
			);
			defaultConfigurationIsVisible = 0;
			defaultConfigurationName = Release;
		};
		DADA817C2CCA946F003A0D5D /* Build configuration list for PBXNativeTarget "MultipleViewControllersUITests" */ = {
			isa = XCConfigurationList;
			buildConfigurations = (
				DADA817D2CCA946F003A0D5D /* Debug */,
				DADA817E2CCA946F003A0D5D /* Release */,
			);
			defaultConfigurationIsVisible = 0;
			defaultConfigurationName = Release;
		};
/* End XCConfigurationList section */
	};
	rootObject = DADA81432CCA946E003A0D5D /* Project object */;
}
