// !$*UTF8*$!
{
	archiveVersion = 1;
	classes = {
	};
	objectVersion = 70;
	objects = {

/* Begin PBXContainerItemProxy section */
		DA21069C2CF6BD7E00E8CE90 /* PBXContainerItemProxy */ = {
			isa = PBXContainerItemProxy;
			containerPortal = DA21067D2CF6BD7400E8CE90 /* Project object */;
			proxyType = 1;
			remoteGlobalIDString = DA2106842CF6BD7400E8CE90;
			remoteInfo = Rodrigues_Groceries;
		};
		DA2106A62CF6BD7E00E8CE90 /* PBXContainerItemProxy */ = {
			isa = PBXContainerItemProxy;
			containerPortal = DA21067D2CF6BD7400E8CE90 /* Project object */;
			proxyType = 1;
			remoteGlobalIDString = DA2106842CF6BD7400E8CE90;
			remoteInfo = Rodrigues_Groceries;
		};
/* End PBXContainerItemProxy section */

/* Begin PBXFileReference section */
		DA2106852CF6BD7400E8CE90 /* Rodrigues_Groceries.app */ = {isa = PBXFileReference; explicitFileType = wrapper.application; includeInIndex = 0; path = Rodrigues_Groceries.app; sourceTree = BUILT_PRODUCTS_DIR; };
		DA21069B2CF6BD7E00E8CE90 /* Rodrigues_GroceriesTests.xctest */ = {isa = PBXFileReference; explicitFileType = wrapper.cfbundle; includeInIndex = 0; path = Rodrigues_GroceriesTests.xctest; sourceTree = BUILT_PRODUCTS_DIR; };
		DA2106A52CF6BD7E00E8CE90 /* Rodrigues_GroceriesUITests.xctest */ = {isa = PBXFileReference; explicitFileType = wrapper.cfbundle; includeInIndex = 0; path = Rodrigues_GroceriesUITests.xctest; sourceTree = BUILT_PRODUCTS_DIR; };
/* End PBXFileReference section */

/* Begin PBXFileSystemSynchronizedBuildFileExceptionSet section */
		DA2106AD2CF6BD7E00E8CE90 /* PBXFileSystemSynchronizedBuildFileExceptionSet */ = {
			isa = PBXFileSystemSynchronizedBuildFileExceptionSet;
			membershipExceptions = (
				Info.plist,
			);
			target = DA2106842CF6BD7400E8CE90 /* Rodrigues_Groceries */;
		};
/* End PBXFileSystemSynchronizedBuildFileExceptionSet section */

/* Begin PBXFileSystemSynchronizedRootGroup section */
		DA2106872CF6BD7400E8CE90 /* Rodrigues_Groceries */ = {isa = PBXFileSystemSynchronizedRootGroup; exceptions = (DA2106AD2CF6BD7E00E8CE90 /* PBXFileSystemSynchronizedBuildFileExceptionSet */, ); explicitFileTypes = {}; explicitFolders = (); path = Rodrigues_Groceries; sourceTree = "<group>"; };
		DA21069E2CF6BD7E00E8CE90 /* Rodrigues_GroceriesTests */ = {isa = PBXFileSystemSynchronizedRootGroup; explicitFileTypes = {}; explicitFolders = (); path = Rodrigues_GroceriesTests; sourceTree = "<group>"; };
		DA2106A82CF6BD7E00E8CE90 /* Rodrigues_GroceriesUITests */ = {isa = PBXFileSystemSynchronizedRootGroup; explicitFileTypes = {}; explicitFolders = (); path = Rodrigues_GroceriesUITests; sourceTree = "<group>"; };
/* End PBXFileSystemSynchronizedRootGroup section */

/* Begin PBXFrameworksBuildPhase section */
		DA2106822CF6BD7400E8CE90 /* Frameworks */ = {
			isa = PBXFrameworksBuildPhase;
			buildActionMask = 2147483647;
			files = (
			);
			runOnlyForDeploymentPostprocessing = 0;
		};
		DA2106982CF6BD7E00E8CE90 /* Frameworks */ = {
			isa = PBXFrameworksBuildPhase;
			buildActionMask = 2147483647;
			files = (
			);
			runOnlyForDeploymentPostprocessing = 0;
		};
		DA2106A22CF6BD7E00E8CE90 /* Frameworks */ = {
			isa = PBXFrameworksBuildPhase;
			buildActionMask = 2147483647;
			files = (
			);
			runOnlyForDeploymentPostprocessing = 0;
		};
/* End PBXFrameworksBuildPhase section */

/* Begin PBXGroup section */
		DA21067C2CF6BD7400E8CE90 = {
			isa = PBXGroup;
			children = (
				DA2106872CF6BD7400E8CE90 /* Rodrigues_Groceries */,
				DA21069E2CF6BD7E00E8CE90 /* Rodrigues_GroceriesTests */,
				DA2106A82CF6BD7E00E8CE90 /* Rodrigues_GroceriesUITests */,
				DA2106862CF6BD7400E8CE90 /* Products */,
			);
			sourceTree = "<group>";
		};
		DA2106862CF6BD7400E8CE90 /* Products */ = {
			isa = PBXGroup;
			children = (
				DA2106852CF6BD7400E8CE90 /* Rodrigues_Groceries.app */,
				DA21069B2CF6BD7E00E8CE90 /* Rodrigues_GroceriesTests.xctest */,
				DA2106A52CF6BD7E00E8CE90 /* Rodrigues_GroceriesUITests.xctest */,
			);
			name = Products;
			sourceTree = "<group>";
		};
/* End PBXGroup section */

/* Begin PBXNativeTarget section */
		DA2106842CF6BD7400E8CE90 /* Rodrigues_Groceries */ = {
			isa = PBXNativeTarget;
			buildConfigurationList = DA2106AE2CF6BD7E00E8CE90 /* Build configuration list for PBXNativeTarget "Rodrigues_Groceries" */;
			buildPhases = (
				DA2106812CF6BD7400E8CE90 /* Sources */,
				DA2106822CF6BD7400E8CE90 /* Frameworks */,
				DA2106832CF6BD7400E8CE90 /* Resources */,
			);
			buildRules = (
			);
			dependencies = (
			);
			fileSystemSynchronizedGroups = (
				DA2106872CF6BD7400E8CE90 /* Rodrigues_Groceries */,
			);
			name = Rodrigues_Groceries;
			packageProductDependencies = (
			);
			productName = Rodrigues_Groceries;
			productReference = DA2106852CF6BD7400E8CE90 /* Rodrigues_Groceries.app */;
			productType = "com.apple.product-type.application";
		};
		DA21069A2CF6BD7E00E8CE90 /* Rodrigues_GroceriesTests */ = {
			isa = PBXNativeTarget;
			buildConfigurationList = DA2106B32CF6BD7E00E8CE90 /* Build configuration list for PBXNativeTarget "Rodrigues_GroceriesTests" */;
			buildPhases = (
				DA2106972CF6BD7E00E8CE90 /* Sources */,
				DA2106982CF6BD7E00E8CE90 /* Frameworks */,
				DA2106992CF6BD7E00E8CE90 /* Resources */,
			);
			buildRules = (
			);
			dependencies = (
				DA21069D2CF6BD7E00E8CE90 /* PBXTargetDependency */,
			);
			fileSystemSynchronizedGroups = (
				DA21069E2CF6BD7E00E8CE90 /* Rodrigues_GroceriesTests */,
			);
			name = Rodrigues_GroceriesTests;
			packageProductDependencies = (
			);
			productName = Rodrigues_GroceriesTests;
			productReference = DA21069B2CF6BD7E00E8CE90 /* Rodrigues_GroceriesTests.xctest */;
			productType = "com.apple.product-type.bundle.unit-test";
		};
		DA2106A42CF6BD7E00E8CE90 /* Rodrigues_GroceriesUITests */ = {
			isa = PBXNativeTarget;
			buildConfigurationList = DA2106B62CF6BD7E00E8CE90 /* Build configuration list for PBXNativeTarget "Rodrigues_GroceriesUITests" */;
			buildPhases = (
				DA2106A12CF6BD7E00E8CE90 /* Sources */,
				DA2106A22CF6BD7E00E8CE90 /* Frameworks */,
				DA2106A32CF6BD7E00E8CE90 /* Resources */,
			);
			buildRules = (
			);
			dependencies = (
				DA2106A72CF6BD7E00E8CE90 /* PBXTargetDependency */,
			);
			fileSystemSynchronizedGroups = (
				DA2106A82CF6BD7E00E8CE90 /* Rodrigues_GroceriesUITests */,
			);
			name = Rodrigues_GroceriesUITests;
			packageProductDependencies = (
			);
			productName = Rodrigues_GroceriesUITests;
			productReference = DA2106A52CF6BD7E00E8CE90 /* Rodrigues_GroceriesUITests.xctest */;
			productType = "com.apple.product-type.bundle.ui-testing";
		};
/* End PBXNativeTarget section */

/* Begin PBXProject section */
		DA21067D2CF6BD7400E8CE90 /* Project object */ = {
			isa = PBXProject;
			attributes = {
				BuildIndependentTargetsInParallel = 1;
				LastSwiftUpdateCheck = 1610;
				LastUpgradeCheck = 1610;
				TargetAttributes = {
					DA2106842CF6BD7400E8CE90 = {
						CreatedOnToolsVersion = 16.1;
					};
					DA21069A2CF6BD7E00E8CE90 = {
						CreatedOnToolsVersion = 16.1;
						TestTargetID = DA2106842CF6BD7400E8CE90;
					};
					DA2106A42CF6BD7E00E8CE90 = {
						CreatedOnToolsVersion = 16.1;
						TestTargetID = DA2106842CF6BD7400E8CE90;
					};
				};
			};
			buildConfigurationList = DA2106802CF6BD7400E8CE90 /* Build configuration list for PBXProject "Rodrigues_Groceries" */;
			compatibilityVersion = "Xcode 14.0";
			developmentRegion = en;
			hasScannedForEncodings = 0;
			knownRegions = (
				en,
				Base,
			);
			mainGroup = DA21067C2CF6BD7400E8CE90;
			minimizedProjectReferenceProxies = 1;
			productRefGroup = DA2106862CF6BD7400E8CE90 /* Products */;
			projectDirPath = "";
			projectRoot = "";
			targets = (
				DA2106842CF6BD7400E8CE90 /* Rodrigues_Groceries */,
				DA21069A2CF6BD7E00E8CE90 /* Rodrigues_GroceriesTests */,
				DA2106A42CF6BD7E00E8CE90 /* Rodrigues_GroceriesUITests */,
			);
		};
/* End PBXProject section */

/* Begin PBXResourcesBuildPhase section */
		DA2106832CF6BD7400E8CE90 /* Resources */ = {
			isa = PBXResourcesBuildPhase;
			buildActionMask = 2147483647;
			files = (
			);
			runOnlyForDeploymentPostprocessing = 0;
		};
		DA2106992CF6BD7E00E8CE90 /* Resources */ = {
			isa = PBXResourcesBuildPhase;
			buildActionMask = 2147483647;
			files = (
			);
			runOnlyForDeploymentPostprocessing = 0;
		};
		DA2106A32CF6BD7E00E8CE90 /* Resources */ = {
			isa = PBXResourcesBuildPhase;
			buildActionMask = 2147483647;
			files = (
			);
			runOnlyForDeploymentPostprocessing = 0;
		};
/* End PBXResourcesBuildPhase section */

/* Begin PBXSourcesBuildPhase section */
		DA2106812CF6BD7400E8CE90 /* Sources */ = {
			isa = PBXSourcesBuildPhase;
			buildActionMask = 2147483647;
			files = (
			);
			runOnlyForDeploymentPostprocessing = 0;
		};
		DA2106972CF6BD7E00E8CE90 /* Sources */ = {
			isa = PBXSourcesBuildPhase;
			buildActionMask = 2147483647;
			files = (
			);
			runOnlyForDeploymentPostprocessing = 0;
		};
		DA2106A12CF6BD7E00E8CE90 /* Sources */ = {
			isa = PBXSourcesBuildPhase;
			buildActionMask = 2147483647;
			files = (
			);
			runOnlyForDeploymentPostprocessing = 0;
		};
/* End PBXSourcesBuildPhase section */

/* Begin PBXTargetDependency section */
		DA21069D2CF6BD7E00E8CE90 /* PBXTargetDependency */ = {
			isa = PBXTargetDependency;
			target = DA2106842CF6BD7400E8CE90 /* Rodrigues_Groceries */;
			targetProxy = DA21069C2CF6BD7E00E8CE90 /* PBXContainerItemProxy */;
		};
		DA2106A72CF6BD7E00E8CE90 /* PBXTargetDependency */ = {
			isa = PBXTargetDependency;
			target = DA2106842CF6BD7400E8CE90 /* Rodrigues_Groceries */;
			targetProxy = DA2106A62CF6BD7E00E8CE90 /* PBXContainerItemProxy */;
		};
/* End PBXTargetDependency section */

/* Begin XCBuildConfiguration section */
		DA2106AF2CF6BD7E00E8CE90 /* Debug */ = {
			isa = XCBuildConfiguration;
			buildSettings = {
				ASSETCATALOG_COMPILER_APPICON_NAME = AppIcon;
				ASSETCATALOG_COMPILER_GLOBAL_ACCENT_COLOR_NAME = AccentColor;
				CODE_SIGN_STYLE = Automatic;
				CURRENT_PROJECT_VERSION = 1;
				GENERATE_INFOPLIST_FILE = YES;
				INFOPLIST_FILE = Rodrigues_Groceries/Info.plist;
				INFOPLIST_KEY_UIApplicationSupportsIndirectInputEvents = YES;
				INFOPLIST_KEY_UILaunchStoryboardName = LaunchScreen;
				INFOPLIST_KEY_UIMainStoryboardFile = Main;
				INFOPLIST_KEY_UISupportedInterfaceOrientations_iPad = "UIInterfaceOrientationPortrait UIInterfaceOrientationPortraitUpsideDown UIInterfaceOrientationLandscapeLeft UIInterfaceOrientationLandscapeRight";
				INFOPLIST_KEY_UISupportedInterfaceOrientations_iPhone = "UIInterfaceOrientationPortrait UIInterfaceOrientationLandscapeLeft UIInterfaceOrientationLandscapeRight";
				IPHONEOS_DEPLOYMENT_TARGET = 15.5;
				LD_RUNPATH_SEARCH_PATHS = (
					"$(inherited)",
					"@executable_path/Frameworks",
				);
				MARKETING_VERSION = 1.0;
				PRODUCT_BUNDLE_IDENTIFIER = "nwmsu.Rodrigues-Groceries";
				PRODUCT_NAME = "$(TARGET_NAME)";
				SWIFT_EMIT_LOC_STRINGS = YES;
				SWIFT_VERSION = 5.0;
				TARGETED_DEVICE_FAMILY = "1,2";
			};
			name = Debug;
		};
		DA2106B02CF6BD7E00E8CE90 /* Release */ = {
			isa = XCBuildConfiguration;
			buildSettings = {
				ASSETCATALOG_COMPILER_APPICON_NAME = AppIcon;
				ASSETCATALOG_COMPILER_GLOBAL_ACCENT_COLOR_NAME = AccentColor;
				CODE_SIGN_STYLE = Automatic;
				CURRENT_PROJECT_VERSION = 1;
				GENERATE_INFOPLIST_FILE = YES;
				INFOPLIST_FILE = Rodrigues_Groceries/Info.plist;
				INFOPLIST_KEY_UIApplicationSupportsIndirectInputEvents = YES;
				INFOPLIST_KEY_UILaunchStoryboardName = LaunchScreen;
				INFOPLIST_KEY_UIMainStoryboardFile = Main;
				INFOPLIST_KEY_UISupportedInterfaceOrientations_iPad = "UIInterfaceOrientationPortrait UIInterfaceOrientationPortraitUpsideDown UIInterfaceOrientationLandscapeLeft UIInterfaceOrientationLandscapeRight";
				INFOPLIST_KEY_UISupportedInterfaceOrientations_iPhone = "UIInterfaceOrientationPortrait UIInterfaceOrientationLandscapeLeft UIInterfaceOrientationLandscapeRight";
				IPHONEOS_DEPLOYMENT_TARGET = 15.5;
				LD_RUNPATH_SEARCH_PATHS = (
					"$(inherited)",
					"@executable_path/Frameworks",
				);
				MARKETING_VERSION = 1.0;
				PRODUCT_BUNDLE_IDENTIFIER = "nwmsu.Rodrigues-Groceries";
				PRODUCT_NAME = "$(TARGET_NAME)";
				SWIFT_EMIT_LOC_STRINGS = YES;
				SWIFT_VERSION = 5.0;
				TARGETED_DEVICE_FAMILY = "1,2";
			};
			name = Release;
		};
		DA2106B12CF6BD7E00E8CE90 /* Debug */ = {
			isa = XCBuildConfiguration;
			buildSettings = {
				ALWAYS_SEARCH_USER_PATHS = NO;
				ASSETCATALOG_COMPILER_GENERATE_SWIFT_ASSET_SYMBOL_EXTENSIONS = YES;
				CLANG_ANALYZER_NONNULL = YES;
				CLANG_ANALYZER_NUMBER_OBJECT_CONVERSION = YES_AGGRESSIVE;
				CLANG_CXX_LANGUAGE_STANDARD = "gnu++20";
				CLANG_ENABLE_MODULES = YES;
				CLANG_ENABLE_OBJC_ARC = YES;
				CLANG_ENABLE_OBJC_WEAK = YES;
				CLANG_WARN_BLOCK_CAPTURE_AUTORELEASING = YES;
				CLANG_WARN_BOOL_CONVERSION = YES;
				CLANG_WARN_COMMA = YES;
				CLANG_WARN_CONSTANT_CONVERSION = YES;
				CLANG_WARN_DEPRECATED_OBJC_IMPLEMENTATIONS = YES;
				CLANG_WARN_DIRECT_OBJC_ISA_USAGE = YES_ERROR;
				CLANG_WARN_DOCUMENTATION_COMMENTS = YES;
				CLANG_WARN_EMPTY_BODY = YES;
				CLANG_WARN_ENUM_CONVERSION = YES;
				CLANG_WARN_INFINITE_RECURSION = YES;
				CLANG_WARN_INT_CONVERSION = YES;
				CLANG_WARN_NON_LITERAL_NULL_CONVERSION = YES;
				CLANG_WARN_OBJC_IMPLICIT_RETAIN_SELF = YES;
				CLANG_WARN_OBJC_LITERAL_CONVERSION = YES;
				CLANG_WARN_OBJC_ROOT_CLASS = YES_ERROR;
				CLANG_WARN_QUOTED_INCLUDE_IN_FRAMEWORK_HEADER = YES;
				CLANG_WARN_RANGE_LOOP_ANALYSIS = YES;
				CLANG_WARN_STRICT_PROTOTYPES = YES;
				CLANG_WARN_SUSPICIOUS_MOVE = YES;
				CLANG_WARN_UNGUARDED_AVAILABILITY = YES_AGGRESSIVE;
				CLANG_WARN_UNREACHABLE_CODE = YES;
				CLANG_WARN__DUPLICATE_METHOD_MATCH = YES;
				COPY_PHASE_STRIP = NO;
				DEBUG_INFORMATION_FORMAT = dwarf;
				ENABLE_STRICT_OBJC_MSGSEND = YES;
				ENABLE_TESTABILITY = YES;
				ENABLE_USER_SCRIPT_SANDBOXING = YES;
				GCC_C_LANGUAGE_STANDARD = gnu17;
				GCC_DYNAMIC_NO_PIC = NO;
				GCC_NO_COMMON_BLOCKS = YES;
				GCC_OPTIMIZATION_LEVEL = 0;
				GCC_PREPROCESSOR_DEFINITIONS = (
					"DEBUG=1",
					"$(inherited)",
				);
				GCC_WARN_64_TO_32_BIT_CONVERSION = YES;
				GCC_WARN_ABOUT_RETURN_TYPE = YES_ERROR;
				GCC_WARN_UNDECLARED_SELECTOR = YES;
				GCC_WARN_UNINITIALIZED_AUTOS = YES_AGGRESSIVE;
				GCC_WARN_UNUSED_FUNCTION = YES;
				GCC_WARN_UNUSED_VARIABLE = YES;
				IPHONEOS_DEPLOYMENT_TARGET = 18.1;
				LOCALIZATION_PREFERS_STRING_CATALOGS = YES;
				MTL_ENABLE_DEBUG_INFO = INCLUDE_SOURCE;
				MTL_FAST_MATH = YES;
				ONLY_ACTIVE_ARCH = YES;
				SDKROOT = iphoneos;
				SWIFT_ACTIVE_COMPILATION_CONDITIONS = "DEBUG $(inherited)";
				SWIFT_OPTIMIZATION_LEVEL = "-Onone";
			};
			name = Debug;
		};
		DA2106B22CF6BD7E00E8CE90 /* Release */ = {
			isa = XCBuildConfiguration;
			buildSettings = {
				ALWAYS_SEARCH_USER_PATHS = NO;
				ASSETCATALOG_COMPILER_GENERATE_SWIFT_ASSET_SYMBOL_EXTENSIONS = YES;
				CLANG_ANALYZER_NONNULL = YES;
				CLANG_ANALYZER_NUMBER_OBJECT_CONVERSION = YES_AGGRESSIVE;
				CLANG_CXX_LANGUAGE_STANDARD = "gnu++20";
				CLANG_ENABLE_MODULES = YES;
				CLANG_ENABLE_OBJC_ARC = YES;
				CLANG_ENABLE_OBJC_WEAK = YES;
				CLANG_WARN_BLOCK_CAPTURE_AUTORELEASING = YES;
				CLANG_WARN_BOOL_CONVERSION = YES;
				CLANG_WARN_COMMA = YES;
				CLANG_WARN_CONSTANT_CONVERSION = YES;
				CLANG_WARN_DEPRECATED_OBJC_IMPLEMENTATIONS = YES;
				CLANG_WARN_DIRECT_OBJC_ISA_USAGE = YES_ERROR;
				CLANG_WARN_DOCUMENTATION_COMMENTS = YES;
				CLANG_WARN_EMPTY_BODY = YES;
				CLANG_WARN_ENUM_CONVERSION = YES;
				CLANG_WARN_INFINITE_RECURSION = YES;
				CLANG_WARN_INT_CONVERSION = YES;
				CLANG_WARN_NON_LITERAL_NULL_CONVERSION = YES;
				CLANG_WARN_OBJC_IMPLICIT_RETAIN_SELF = YES;
				CLANG_WARN_OBJC_LITERAL_CONVERSION = YES;
				CLANG_WARN_OBJC_ROOT_CLASS = YES_ERROR;
				CLANG_WARN_QUOTED_INCLUDE_IN_FRAMEWORK_HEADER = YES;
				CLANG_WARN_RANGE_LOOP_ANALYSIS = YES;
				CLANG_WARN_STRICT_PROTOTYPES = YES;
				CLANG_WARN_SUSPICIOUS_MOVE = YES;
				CLANG_WARN_UNGUARDED_AVAILABILITY = YES_AGGRESSIVE;
				CLANG_WARN_UNREACHABLE_CODE = YES;
				CLANG_WARN__DUPLICATE_METHOD_MATCH = YES;
				COPY_PHASE_STRIP = NO;
				DEBUG_INFORMATION_FORMAT = "dwarf-with-dsym";
				ENABLE_NS_ASSERTIONS = NO;
				ENABLE_STRICT_OBJC_MSGSEND = YES;
				ENABLE_USER_SCRIPT_SANDBOXING = YES;
				GCC_C_LANGUAGE_STANDARD = gnu17;
				GCC_NO_COMMON_BLOCKS = YES;
				GCC_WARN_64_TO_32_BIT_CONVERSION = YES;
				GCC_WARN_ABOUT_RETURN_TYPE = YES_ERROR;
				GCC_WARN_UNDECLARED_SELECTOR = YES;
				GCC_WARN_UNINITIALIZED_AUTOS = YES_AGGRESSIVE;
				GCC_WARN_UNUSED_FUNCTION = YES;
				GCC_WARN_UNUSED_VARIABLE = YES;
				IPHONEOS_DEPLOYMENT_TARGET = 18.1;
				LOCALIZATION_PREFERS_STRING_CATALOGS = YES;
				MTL_ENABLE_DEBUG_INFO = NO;
				MTL_FAST_MATH = YES;
				SDKROOT = iphoneos;
				SWIFT_COMPILATION_MODE = wholemodule;
				VALIDATE_PRODUCT = YES;
			};
			name = Release;
		};
		DA2106B42CF6BD7E00E8CE90 /* Debug */ = {
			isa = XCBuildConfiguration;
			buildSettings = {
				BUNDLE_LOADER = "$(TEST_HOST)";
				CODE_SIGN_STYLE = Automatic;
				CURRENT_PROJECT_VERSION = 1;
				GENERATE_INFOPLIST_FILE = YES;
				IPHONEOS_DEPLOYMENT_TARGET = 18.1;
				MARKETING_VERSION = 1.0;
				PRODUCT_BUNDLE_IDENTIFIER = "nwmsu.Rodrigues-GroceriesTests";
				PRODUCT_NAME = "$(TARGET_NAME)";
				SWIFT_EMIT_LOC_STRINGS = NO;
				SWIFT_VERSION = 5.0;
				TARGETED_DEVICE_FAMILY = "1,2";
				TEST_HOST = "$(BUILT_PRODUCTS_DIR)/Rodrigues_Groceries.app/$(BUNDLE_EXECUTABLE_FOLDER_PATH)/Rodrigues_Groceries";
			};
			name = Debug;
		};
		DA2106B52CF6BD7E00E8CE90 /* Release */ = {
			isa = XCBuildConfiguration;
			buildSettings = {
				BUNDLE_LOADER = "$(TEST_HOST)";
				CODE_SIGN_STYLE = Automatic;
				CURRENT_PROJECT_VERSION = 1;
				GENERATE_INFOPLIST_FILE = YES;
				IPHONEOS_DEPLOYMENT_TARGET = 18.1;
				MARKETING_VERSION = 1.0;
				PRODUCT_BUNDLE_IDENTIFIER = "nwmsu.Rodrigues-GroceriesTests";
				PRODUCT_NAME = "$(TARGET_NAME)";
				SWIFT_EMIT_LOC_STRINGS = NO;
				SWIFT_VERSION = 5.0;
				TARGETED_DEVICE_FAMILY = "1,2";
				TEST_HOST = "$(BUILT_PRODUCTS_DIR)/Rodrigues_Groceries.app/$(BUNDLE_EXECUTABLE_FOLDER_PATH)/Rodrigues_Groceries";
			};
			name = Release;
		};
		DA2106B72CF6BD7E00E8CE90 /* Debug */ = {
			isa = XCBuildConfiguration;
			buildSettings = {
				CODE_SIGN_STYLE = Automatic;
				CURRENT_PROJECT_VERSION = 1;
				GENERATE_INFOPLIST_FILE = YES;
				MARKETING_VERSION = 1.0;
				PRODUCT_BUNDLE_IDENTIFIER = "nwmsu.Rodrigues-GroceriesUITests";
				PRODUCT_NAME = "$(TARGET_NAME)";
				SWIFT_EMIT_LOC_STRINGS = NO;
				SWIFT_VERSION = 5.0;
				TARGETED_DEVICE_FAMILY = "1,2";
				TEST_TARGET_NAME = Rodrigues_Groceries;
			};
			name = Debug;
		};
		DA2106B82CF6BD7E00E8CE90 /* Release */ = {
			isa = XCBuildConfiguration;
			buildSettings = {
				CODE_SIGN_STYLE = Automatic;
				CURRENT_PROJECT_VERSION = 1;
				GENERATE_INFOPLIST_FILE = YES;
				MARKETING_VERSION = 1.0;
				PRODUCT_BUNDLE_IDENTIFIER = "nwmsu.Rodrigues-GroceriesUITests";
				PRODUCT_NAME = "$(TARGET_NAME)";
				SWIFT_EMIT_LOC_STRINGS = NO;
				SWIFT_VERSION = 5.0;
				TARGETED_DEVICE_FAMILY = "1,2";
				TEST_TARGET_NAME = Rodrigues_Groceries;
			};
			name = Release;
		};
/* End XCBuildConfiguration section */

/* Begin XCConfigurationList section */
		DA2106802CF6BD7400E8CE90 /* Build configuration list for PBXProject "Rodrigues_Groceries" */ = {
			isa = XCConfigurationList;
			buildConfigurations = (
				DA2106B12CF6BD7E00E8CE90 /* Debug */,
				DA2106B22CF6BD7E00E8CE90 /* Release */,
			);
			defaultConfigurationIsVisible = 0;
			defaultConfigurationName = Release;
		};
		DA2106AE2CF6BD7E00E8CE90 /* Build configuration list for PBXNativeTarget "Rodrigues_Groceries" */ = {
			isa = XCConfigurationList;
			buildConfigurations = (
				DA2106AF2CF6BD7E00E8CE90 /* Debug */,
				DA2106B02CF6BD7E00E8CE90 /* Release */,
			);
			defaultConfigurationIsVisible = 0;
			defaultConfigurationName = Release;
		};
		DA2106B32CF6BD7E00E8CE90 /* Build configuration list for PBXNativeTarget "Rodrigues_GroceriesTests" */ = {
			isa = XCConfigurationList;
			buildConfigurations = (
				DA2106B42CF6BD7E00E8CE90 /* Debug */,
				DA2106B52CF6BD7E00E8CE90 /* Release */,
			);
			defaultConfigurationIsVisible = 0;
			defaultConfigurationName = Release;
		};
		DA2106B62CF6BD7E00E8CE90 /* Build configuration list for PBXNativeTarget "Rodrigues_GroceriesUITests" */ = {
			isa = XCConfigurationList;
			buildConfigurations = (
				DA2106B72CF6BD7E00E8CE90 /* Debug */,
				DA2106B82CF6BD7E00E8CE90 /* Release */,
			);
			defaultConfigurationIsVisible = 0;
			defaultConfigurationName = Release;
		};
/* End XCConfigurationList section */
	};
	rootObject = DA21067D2CF6BD7400E8CE90 /* Project object */;
}
